// !$*UTF8*$!
{
	archiveVersion = 1;
	classes = {
	};
	objectVersion = 56;
	objects = {

/* Begin PBXBuildFile section */
		F36FEE9D2BA05BDD005F5202 /* AppDelegate.swift in Sources */ = {isa = PBXBuildFile; fileRef = F36FEE9C2BA05BDD005F5202 /* AppDelegate.swift */; };
		F36FEE9F2BA05BDD005F5202 /* SceneDelegate.swift in Sources */ = {isa = PBXBuildFile; fileRef = F36FEE9E2BA05BDD005F5202 /* SceneDelegate.swift */; };
		F36FEEA12BA05BDD005F5202 /* ViewController.swift in Sources */ = {isa = PBXBuildFile; fileRef = F36FEEA02BA05BDD005F5202 /* ViewController.swift */; };
		F36FEEA42BA05BDD005F5202 /* Main.storyboard in Resources */ = {isa = PBXBuildFile; fileRef = F36FEEA22BA05BDD005F5202 /* Main.storyboard */; };
		F36FEEA62BA05BDD005F5202 /* Assets.xcassets in Resources */ = {isa = PBXBuildFile; fileRef = F36FEEA52BA05BDD005F5202 /* Assets.xcassets */; };
		F36FEEA92BA05BDD005F5202 /* LaunchScreen.storyboard in Resources */ = {isa = PBXBuildFile; fileRef = F36FEEA72BA05BDD005F5202 /* LaunchScreen.storyboard */; };
		F36FEEB42BA05BDE005F5202 /* timerTests.swift in Sources */ = {isa = PBXBuildFile; fileRef = F36FEEB32BA05BDE005F5202 /* timerTests.swift */; };
		F36FEEBE2BA05BDE005F5202 /* timerUITests.swift in Sources */ = {isa = PBXBuildFile; fileRef = F36FEEBD2BA05BDE005F5202 /* timerUITests.swift */; };
		F36FEEC02BA05BDE005F5202 /* timerUITestsLaunchTests.swift in Sources */ = {isa = PBXBuildFile; fileRef = F36FEEBF2BA05BDE005F5202 /* timerUITestsLaunchTests.swift */; };
		F36FEECD2BA071A2005F5202 /* SecondViewController.swift in Sources */ = {isa = PBXBuildFile; fileRef = F36FEECC2BA071A2005F5202 /* SecondViewController.swift */; };
/* End PBXBuildFile section */

/* Begin PBXContainerItemProxy section */
		F36FEEB02BA05BDE005F5202 /* PBXContainerItemProxy */ = {
			isa = PBXContainerItemProxy;
			containerPortal = F36FEE912BA05BDD005F5202 /* Project object */;
			proxyType = 1;
			remoteGlobalIDString = F36FEE982BA05BDD005F5202;
			remoteInfo = timer;
		};
		F36FEEBA2BA05BDE005F5202 /* PBXContainerItemProxy */ = {
			isa = PBXContainerItemProxy;
			containerPortal = F36FEE912BA05BDD005F5202 /* Project object */;
			proxyType = 1;
			remoteGlobalIDString = F36FEE982BA05BDD005F5202;
			remoteInfo = timer;
		};
/* End PBXContainerItemProxy section */

/* Begin PBXFileReference section */
		F36FEE992BA05BDD005F5202 /* timer.app */ = {isa = PBXFileReference; explicitFileType = wrapper.application; includeInIndex = 0; path = timer.app; sourceTree = BUILT_PRODUCTS_DIR; };
		F36FEE9C2BA05BDD005F5202 /* AppDelegate.swift */ = {isa = PBXFileReference; lastKnownFileType = sourcecode.swift; path = AppDelegate.swift; sourceTree = "<group>"; };
		F36FEE9E2BA05BDD005F5202 /* SceneDelegate.swift */ = {isa = PBXFileReference; lastKnownFileType = sourcecode.swift; path = SceneDelegate.swift; sourceTree = "<group>"; };
		F36FEEA02BA05BDD005F5202 /* ViewController.swift */ = {isa = PBXFileReference; lastKnownFileType = sourcecode.swift; path = ViewController.swift; sourceTree = "<group>"; };
		F36FEEA32BA05BDD005F5202 /* Base */ = {isa = PBXFileReference; lastKnownFileType = file.storyboard; name = Base; path = Base.lproj/Main.storyboard; sourceTree = "<group>"; };
		F36FEEA52BA05BDD005F5202 /* Assets.xcassets */ = {isa = PBXFileReference; lastKnownFileType = folder.assetcatalog; path = Assets.xcassets; sourceTree = "<group>"; };
		F36FEEA82BA05BDD005F5202 /* Base */ = {isa = PBXFileReference; lastKnownFileType = file.storyboard; name = Base; path = Base.lproj/LaunchScreen.storyboard; sourceTree = "<group>"; };
		F36FEEAA2BA05BDD005F5202 /* Info.plist */ = {isa = PBXFileReference; lastKnownFileType = text.plist.xml; path = Info.plist; sourceTree = "<group>"; };
		F36FEEAF2BA05BDE005F5202 /* timerTests.xctest */ = {isa = PBXFileReference; explicitFileType = wrapper.cfbundle; includeInIndex = 0; path = timerTests.xctest; sourceTree = BUILT_PRODUCTS_DIR; };
		F36FEEB32BA05BDE005F5202 /* timerTests.swift */ = {isa = PBXFileReference; lastKnownFileType = sourcecode.swift; path = timerTests.swift; sourceTree = "<group>"; };
		F36FEEB92BA05BDE005F5202 /* timerUITests.xctest */ = {isa = PBXFileReference; explicitFileType = wrapper.cfbundle; includeInIndex = 0; path = timerUITests.xctest; sourceTree = BUILT_PRODUCTS_DIR; };
		F36FEEBD2BA05BDE005F5202 /* timerUITests.swift */ = {isa = PBXFileReference; lastKnownFileType = sourcecode.swift; path = timerUITests.swift; sourceTree = "<group>"; };
		F36FEEBF2BA05BDE005F5202 /* timerUITestsLaunchTests.swift */ = {isa = PBXFileReference; lastKnownFileType = sourcecode.swift; path = timerUITestsLaunchTests.swift; sourceTree = "<group>"; };
		F36FEECC2BA071A2005F5202 /* SecondViewController.swift */ = {isa = PBXFileReference; lastKnownFileType = sourcecode.swift; path = SecondViewController.swift; sourceTree = "<group>"; };
/* End PBXFileReference section */

/* Begin PBXFrameworksBuildPhase section */
		F36FEE962BA05BDD005F5202 /* Frameworks */ = {
			isa = PBXFrameworksBuildPhase;
			buildActionMask = 2147483647;
			files = (
			);
			runOnlyForDeploymentPostprocessing = 0;
		};
		F36FEEAC2BA05BDE005F5202 /* Frameworks */ = {
			isa = PBXFrameworksBuildPhase;
			buildActionMask = 2147483647;
			files = (
			);
			runOnlyForDeploymentPostprocessing = 0;
		};
		F36FEEB62BA05BDE005F5202 /* Frameworks */ = {
			isa = PBXFrameworksBuildPhase;
			buildActionMask = 2147483647;
			files = (
			);
			runOnlyForDeploymentPostprocessing = 0;
		};
/* End PBXFrameworksBuildPhase section */

/* Begin PBXGroup section */
		F36FEE902BA05BDD005F5202 = {
			isa = PBXGroup;
			children = (
				F36FEE9B2BA05BDD005F5202 /* timer */,
				F36FEEB22BA05BDE005F5202 /* timerTests */,
				F36FEEBC2BA05BDE005F5202 /* timerUITests */,
				F36FEE9A2BA05BDD005F5202 /* Products */,
			);
			sourceTree = "<group>";
		};
		F36FEE9A2BA05BDD005F5202 /* Products */ = {
			isa = PBXGroup;
			children = (
				F36FEE992BA05BDD005F5202 /* timer.app */,
				F36FEEAF2BA05BDE005F5202 /* timerTests.xctest */,
				F36FEEB92BA05BDE005F5202 /* timerUITests.xctest */,
			);
			name = Products;
			sourceTree = "<group>";
		};
		F36FEE9B2BA05BDD005F5202 /* timer */ = {
			isa = PBXGroup;
			children = (
				F36FEE9C2BA05BDD005F5202 /* AppDelegate.swift */,
				F36FEE9E2BA05BDD005F5202 /* SceneDelegate.swift */,
				F36FEEA02BA05BDD005F5202 /* ViewController.swift */,
				F36FEECC2BA071A2005F5202 /* SecondViewController.swift */,
				F36FEEA22BA05BDD005F5202 /* Main.storyboard */,
				F36FEEA52BA05BDD005F5202 /* Assets.xcassets */,
				F36FEEA72BA05BDD005F5202 /* LaunchScreen.storyboard */,
				F36FEEAA2BA05BDD005F5202 /* Info.plist */,
			);
			path = timer;
			sourceTree = "<group>";
		};
		F36FEEB22BA05BDE005F5202 /* timerTests */ = {
			isa = PBXGroup;
			children = (
				F36FEEB32BA05BDE005F5202 /* timerTests.swift */,
			);
			path = timerTests;
			sourceTree = "<group>";
		};
		F36FEEBC2BA05BDE005F5202 /* timerUITests */ = {
			isa = PBXGroup;
			children = (
				F36FEEBD2BA05BDE005F5202 /* timerUITests.swift */,
				F36FEEBF2BA05BDE005F5202 /* timerUITestsLaunchTests.swift */,
			);
			path = timerUITests;
			sourceTree = "<group>";
		};
/* End PBXGroup section */

/* Begin PBXNativeTarget section */
		F36FEE982BA05BDD005F5202 /* timer */ = {
			isa = PBXNativeTarget;
			buildConfigurationList = F36FEEC32BA05BDE005F5202 /* Build configuration list for PBXNativeTarget "timer" */;
			buildPhases = (
				F36FEE952BA05BDD005F5202 /* Sources */,
				F36FEE962BA05BDD005F5202 /* Frameworks */,
				F36FEE972BA05BDD005F5202 /* Resources */,
			);
			buildRules = (
			);
			dependencies = (
			);
			name = timer;
			productName = timer;
			productReference = F36FEE992BA05BDD005F5202 /* timer.app */;
			productType = "com.apple.product-type.application";
		};
		F36FEEAE2BA05BDE005F5202 /* timerTests */ = {
			isa = PBXNativeTarget;
			buildConfigurationList = F36FEEC62BA05BDE005F5202 /* Build configuration list for PBXNativeTarget "timerTests" */;
			buildPhases = (
				F36FEEAB2BA05BDE005F5202 /* Sources */,
				F36FEEAC2BA05BDE005F5202 /* Frameworks */,
				F36FEEAD2BA05BDE005F5202 /* Resources */,
			);
			buildRules = (
			);
			dependencies = (
				F36FEEB12BA05BDE005F5202 /* PBXTargetDependency */,
			);
			name = timerTests;
			productName = timerTests;
			productReference = F36FEEAF2BA05BDE005F5202 /* timerTests.xctest */;
			productType = "com.apple.product-type.bundle.unit-test";
		};
		F36FEEB82BA05BDE005F5202 /* timerUITests */ = {
			isa = PBXNativeTarget;
			buildConfigurationList = F36FEEC92BA05BDE005F5202 /* Build configuration list for PBXNativeTarget "timerUITests" */;
			buildPhases = (
				F36FEEB52BA05BDE005F5202 /* Sources */,
				F36FEEB62BA05BDE005F5202 /* Frameworks */,
				F36FEEB72BA05BDE005F5202 /* Resources */,
			);
			buildRules = (
			);
			dependencies = (
				F36FEEBB2BA05BDE005F5202 /* PBXTargetDependency */,
			);
			name = timerUITests;
			productName = timerUITests;
			productReference = F36FEEB92BA05BDE005F5202 /* timerUITests.xctest */;
			productType = "com.apple.product-type.bundle.ui-testing";
		};
/* End PBXNativeTarget section */

/* Begin PBXProject section */
		F36FEE912BA05BDD005F5202 /* Project object */ = {
			isa = PBXProject;
			attributes = {
				BuildIndependentTargetsInParallel = 1;
				LastSwiftUpdateCheck = 1500;
				LastUpgradeCheck = 1500;
				TargetAttributes = {
					F36FEE982BA05BDD005F5202 = {
						CreatedOnToolsVersion = 15.0.1;
					};
					F36FEEAE2BA05BDE005F5202 = {
						CreatedOnToolsVersion = 15.0.1;
						TestTargetID = F36FEE982BA05BDD005F5202;
					};
					F36FEEB82BA05BDE005F5202 = {
						CreatedOnToolsVersion = 15.0.1;
						TestTargetID = F36FEE982BA05BDD005F5202;
					};
				};
			};
			buildConfigurationList = F36FEE942BA05BDD005F5202 /* Build configuration list for PBXProject "timer" */;
			compatibilityVersion = "Xcode 14.0";
			developmentRegion = en;
			hasScannedForEncodings = 0;
			knownRegions = (
				en,
				Base,
			);
			mainGroup = F36FEE902BA05BDD005F5202;
			productRefGroup = F36FEE9A2BA05BDD005F5202 /* Products */;
			projectDirPath = "";
			projectRoot = "";
			targets = (
				F36FEE982BA05BDD005F5202 /* timer */,
				F36FEEAE2BA05BDE005F5202 /* timerTests */,
				F36FEEB82BA05BDE005F5202 /* timerUITests */,
			);
		};
/* End PBXProject section */

/* Begin PBXResourcesBuildPhase section */
		F36FEE972BA05BDD005F5202 /* Resources */ = {
			isa = PBXResourcesBuildPhase;
			buildActionMask = 2147483647;
			files = (
				F36FEEA92BA05BDD005F5202 /* LaunchScreen.storyboard in Resources */,
				F36FEEA62BA05BDD005F5202 /* Assets.xcassets in Resources */,
				F36FEEA42BA05BDD005F5202 /* Main.storyboard in Resources */,
			);
			runOnlyForDeploymentPostprocessing = 0;
		};
		F36FEEAD2BA05BDE005F5202 /* Resources */ = {
			isa = PBXResourcesBuildPhase;
			buildActionMask = 2147483647;
			files = (
			);
			runOnlyForDeploymentPostprocessing = 0;
		};
		F36FEEB72BA05BDE005F5202 /* Resources */ = {
			isa = PBXResourcesBuildPhase;
			buildActionMask = 2147483647;
			files = (
			);
			runOnlyForDeploymentPostprocessing = 0;
		};
/* End PBXResourcesBuildPhase section */

/* Begin PBXSourcesBuildPhase section */
		F36FEE952BA05BDD005F5202 /* Sources */ = {
			isa = PBXSourcesBuildPhase;
			buildActionMask = 2147483647;
			files = (
				F36FEECD2BA071A2005F5202 /* SecondViewController.swift in Sources */,
				F36FEEA12BA05BDD005F5202 /* ViewController.swift in Sources */,
				F36FEE9D2BA05BDD005F5202 /* AppDelegate.swift in Sources */,
				F36FEE9F2BA05BDD005F5202 /* SceneDelegate.swift in Sources */,
			);
			runOnlyForDeploymentPostprocessing = 0;
		};
		F36FEEAB2BA05BDE005F5202 /* Sources */ = {
			isa = PBXSourcesBuildPhase;
			buildActionMask = 2147483647;
			files = (
				F36FEEB42BA05BDE005F5202 /* timerTests.swift in Sources */,
			);
			runOnlyForDeploymentPostprocessing = 0;
		};
		F36FEEB52BA05BDE005F5202 /* Sources */ = {
			isa = PBXSourcesBuildPhase;
			buildActionMask = 2147483647;
			files = (
				F36FEEC02BA05BDE005F5202 /* timerUITestsLaunchTests.swift in Sources */,
				F36FEEBE2BA05BDE005F5202 /* timerUITests.swift in Sources */,
			);
			runOnlyForDeploymentPostprocessing = 0;
		};
/* End PBXSourcesBuildPhase section */

/* Begin PBXTargetDependency section */
		F36FEEB12BA05BDE005F5202 /* PBXTargetDependency */ = {
			isa = PBXTargetDependency;
			target = F36FEE982BA05BDD005F5202 /* timer */;
			targetProxy = F36FEEB02BA05BDE005F5202 /* PBXContainerItemProxy */;
		};
		F36FEEBB2BA05BDE005F5202 /* PBXTargetDependency */ = {
			isa = PBXTargetDependency;
			target = F36FEE982BA05BDD005F5202 /* timer */;
			targetProxy = F36FEEBA2BA05BDE005F5202 /* PBXContainerItemProxy */;
		};
/* End PBXTargetDependency section */

/* Begin PBXVariantGroup section */
		F36FEEA22BA05BDD005F5202 /* Main.storyboard */ = {
			isa = PBXVariantGroup;
			children = (
				F36FEEA32BA05BDD005F5202 /* Base */,
			);
			name = Main.storyboard;
			sourceTree = "<group>";
		};
		F36FEEA72BA05BDD005F5202 /* LaunchScreen.storyboard */ = {
			isa = PBXVariantGroup;
			children = (
				F36FEEA82BA05BDD005F5202 /* Base */,
			);
			name = LaunchScreen.storyboard;
			sourceTree = "<group>";
		};
/* End PBXVariantGroup section */

/* Begin XCBuildConfiguration section */
		F36FEEC12BA05BDE005F5202 /* Debug */ = {
			isa = XCBuildConfiguration;
			buildSettings = {
				ALWAYS_SEARCH_USER_PATHS = NO;
				ASSETCATALOG_COMPILER_GENERATE_SWIFT_ASSET_SYMBOL_EXTENSIONS = YES;
				CLANG_ANALYZER_NONNULL = YES;
				CLANG_ANALYZER_NUMBER_OBJECT_CONVERSION = YES_AGGRESSIVE;
				CLANG_CXX_LANGUAGE_STANDARD = "gnu++20";
				CLANG_ENABLE_MODULES = YES;
				CLANG_ENABLE_OBJC_ARC = YES;
				CLANG_ENABLE_OBJC_WEAK = YES;
				CLANG_WARN_BLOCK_CAPTURE_AUTORELEASING = YES;
				CLANG_WARN_BOOL_CONVERSION = YES;
				CLANG_WARN_COMMA = YES;
				CLANG_WARN_CONSTANT_CONVERSION = YES;
				CLANG_WARN_DEPRECATED_OBJC_IMPLEMENTATIONS = YES;
				CLANG_WARN_DIRECT_OBJC_ISA_USAGE = YES_ERROR;
				CLANG_WARN_DOCUMENTATION_COMMENTS = YES;
				CLANG_WARN_EMPTY_BODY = YES;
				CLANG_WARN_ENUM_CONVERSION = YES;
				CLANG_WARN_INFINITE_RECURSION = YES;
				CLANG_WARN_INT_CONVERSION = YES;
				CLANG_WARN_NON_LITERAL_NULL_CONVERSION = YES;
				CLANG_WARN_OBJC_IMPLICIT_RETAIN_SELF = YES;
				CLANG_WARN_OBJC_LITERAL_CONVERSION = YES;
				CLANG_WARN_OBJC_ROOT_CLASS = YES_ERROR;
				CLANG_WARN_QUOTED_INCLUDE_IN_FRAMEWORK_HEADER = YES;
				CLANG_WARN_RANGE_LOOP_ANALYSIS = YES;
				CLANG_WARN_STRICT_PROTOTYPES = YES;
				CLANG_WARN_SUSPICIOUS_MOVE = YES;
				CLANG_WARN_UNGUARDED_AVAILABILITY = YES_AGGRESSIVE;
				CLANG_WARN_UNREACHABLE_CODE = YES;
				CLANG_WARN__DUPLICATE_METHOD_MATCH = YES;
				COPY_PHASE_STRIP = NO;
				DEBUG_INFORMATION_FORMAT = dwarf;
				ENABLE_STRICT_OBJC_MSGSEND = YES;
				ENABLE_TESTABILITY = YES;
				ENABLE_USER_SCRIPT_SANDBOXING = YES;
				GCC_C_LANGUAGE_STANDARD = gnu17;
				GCC_DYNAMIC_NO_PIC = NO;
				GCC_NO_COMMON_BLOCKS = YES;
				GCC_OPTIMIZATION_LEVEL = 0;
				GCC_PREPROCESSOR_DEFINITIONS = (
					"DEBUG=1",
					"$(inherited)",
				);
				GCC_WARN_64_TO_32_BIT_CONVERSION = YES;
				GCC_WARN_ABOUT_RETURN_TYPE = YES_ERROR;
				GCC_WARN_UNDECLARED_SELECTOR = YES;
				GCC_WARN_UNINITIALIZED_AUTOS = YES_AGGRESSIVE;
				GCC_WARN_UNUSED_FUNCTION = YES;
				GCC_WARN_UNUSED_VARIABLE = YES;
				IPHONEOS_DEPLOYMENT_TARGET = 17.0;
				LOCALIZATION_PREFERS_STRING_CATALOGS = YES;
				MTL_ENABLE_DEBUG_INFO = INCLUDE_SOURCE;
				MTL_FAST_MATH = YES;
				ONLY_ACTIVE_ARCH = YES;
				SDKROOT = iphoneos;
				SWIFT_ACTIVE_COMPILATION_CONDITIONS = "DEBUG $(inherited)";
				SWIFT_OPTIMIZATION_LEVEL = "-Onone";
			};
			name = Debug;
		};
		F36FEEC22BA05BDE005F5202 /* Release */ = {
			isa = XCBuildConfiguration;
			buildSettings = {
				ALWAYS_SEARCH_USER_PATHS = NO;
				ASSETCATALOG_COMPILER_GENERATE_SWIFT_ASSET_SYMBOL_EXTENSIONS = YES;
				CLANG_ANALYZER_NONNULL = YES;
				CLANG_ANALYZER_NUMBER_OBJECT_CONVERSION = YES_AGGRESSIVE;
				CLANG_CXX_LANGUAGE_STANDARD = "gnu++20";
				CLANG_ENABLE_MODULES = YES;
				CLANG_ENABLE_OBJC_ARC = YES;
				CLANG_ENABLE_OBJC_WEAK = YES;
				CLANG_WARN_BLOCK_CAPTURE_AUTORELEASING = YES;
				CLANG_WARN_BOOL_CONVERSION = YES;
				CLANG_WARN_COMMA = YES;
				CLANG_WARN_CONSTANT_CONVERSION = YES;
				CLANG_WARN_DEPRECATED_OBJC_IMPLEMENTATIONS = YES;
				CLANG_WARN_DIRECT_OBJC_ISA_USAGE = YES_ERROR;
				CLANG_WARN_DOCUMENTATION_COMMENTS = YES;
				CLANG_WARN_EMPTY_BODY = YES;
				CLANG_WARN_ENUM_CONVERSION = YES;
				CLANG_WARN_INFINITE_RECURSION = YES;
				CLANG_WARN_INT_CONVERSION = YES;
				CLANG_WARN_NON_LITERAL_NULL_CONVERSION = YES;
				CLANG_WARN_OBJC_IMPLICIT_RETAIN_SELF = YES;
				CLANG_WARN_OBJC_LITERAL_CONVERSION = YES;
				CLANG_WARN_OBJC_ROOT_CLASS = YES_ERROR;
				CLANG_WARN_QUOTED_INCLUDE_IN_FRAMEWORK_HEADER = YES;
				CLANG_WARN_RANGE_LOOP_ANALYSIS = YES;
				CLANG_WARN_STRICT_PROTOTYPES = YES;
				CLANG_WARN_SUSPICIOUS_MOVE = YES;
				CLANG_WARN_UNGUARDED_AVAILABILITY = YES_AGGRESSIVE;
				CLANG_WARN_UNREACHABLE_CODE = YES;
				CLANG_WARN__DUPLICATE_METHOD_MATCH = YES;
				COPY_PHASE_STRIP = NO;
				DEBUG_INFORMATION_FORMAT = "dwarf-with-dsym";
				ENABLE_NS_ASSERTIONS = NO;
				ENABLE_STRICT_OBJC_MSGSEND = YES;
				ENABLE_USER_SCRIPT_SANDBOXING = YES;
				GCC_C_LANGUAGE_STANDARD = gnu17;
				GCC_NO_COMMON_BLOCKS = YES;
				GCC_WARN_64_TO_32_BIT_CONVERSION = YES;
				GCC_WARN_ABOUT_RETURN_TYPE = YES_ERROR;
				GCC_WARN_UNDECLARED_SELECTOR = YES;
				GCC_WARN_UNINITIALIZED_AUTOS = YES_AGGRESSIVE;
				GCC_WARN_UNUSED_FUNCTION = YES;
				GCC_WARN_UNUSED_VARIABLE = YES;
				IPHONEOS_DEPLOYMENT_TARGET = 17.0;
				LOCALIZATION_PREFERS_STRING_CATALOGS = YES;
				MTL_ENABLE_DEBUG_INFO = NO;
				MTL_FAST_MATH = YES;
				SDKROOT = iphoneos;
				SWIFT_COMPILATION_MODE = wholemodule;
				VALIDATE_PRODUCT = YES;
			};
			name = Release;
		};
		F36FEEC42BA05BDE005F5202 /* Debug */ = {
			isa = XCBuildConfiguration;
			buildSettings = {
				ASSETCATALOG_COMPILER_APPICON_NAME = AppIcon;
				ASSETCATALOG_COMPILER_GLOBAL_ACCENT_COLOR_NAME = AccentColor;
				CODE_SIGN_STYLE = Automatic;
				CURRENT_PROJECT_VERSION = 1;
				GENERATE_INFOPLIST_FILE = YES;
				INFOPLIST_FILE = timer/Info.plist;
				INFOPLIST_KEY_UIApplicationSupportsIndirectInputEvents = YES;
				INFOPLIST_KEY_UILaunchStoryboardName = LaunchScreen;
				INFOPLIST_KEY_UIMainStoryboardFile = Main;
				INFOPLIST_KEY_UISupportedInterfaceOrientations_iPad = "UIInterfaceOrientationPortrait UIInterfaceOrientationPortraitUpsideDown UIInterfaceOrientationLandscapeLeft UIInterfaceOrientationLandscapeRight";
				INFOPLIST_KEY_UISupportedInterfaceOrientations_iPhone = "UIInterfaceOrientationPortrait UIInterfaceOrientationLandscapeLeft UIInterfaceOrientationLandscapeRight";
				LD_RUNPATH_SEARCH_PATHS = (
					"$(inherited)",
					"@executable_path/Frameworks",
				);
				MARKETING_VERSION = 1.0;
				PRODUCT_BUNDLE_IDENTIFIER = r.timer;
				PRODUCT_NAME = "$(TARGET_NAME)";
				SWIFT_EMIT_LOC_STRINGS = YES;
				SWIFT_VERSION = 5.0;
				TARGETED_DEVICE_FAMILY = "1,2";
			};
			name = Debug;
		};
		F36FEEC52BA05BDE005F5202 /* Release */ = {
			isa = XCBuildConfiguration;
			buildSettings = {
				ASSETCATALOG_COMPILER_APPICON_NAME = AppIcon;
				ASSETCATALOG_COMPILER_GLOBAL_ACCENT_COLOR_NAME = AccentColor;
				CODE_SIGN_STYLE = Automatic;
				CURRENT_PROJECT_VERSION = 1;
				GENERATE_INFOPLIST_FILE = YES;
				INFOPLIST_FILE = timer/Info.plist;
				INFOPLIST_KEY_UIApplicationSupportsIndirectInputEvents = YES;
				INFOPLIST_KEY_UILaunchStoryboardName = LaunchScreen;
				INFOPLIST_KEY_UIMainStoryboardFile = Main;
				INFOPLIST_KEY_UISupportedInterfaceOrientations_iPad = "UIInterfaceOrientationPortrait UIInterfaceOrientationPortraitUpsideDown UIInterfaceOrientationLandscapeLeft UIInterfaceOrientationLandscapeRight";
				INFOPLIST_KEY_UISupportedInterfaceOrientations_iPhone = "UIInterfaceOrientationPortrait UIInterfaceOrientationLandscapeLeft UIInterfaceOrientationLandscapeRight";
				LD_RUNPATH_SEARCH_PATHS = (
					"$(inherited)",
					"@executable_path/Frameworks",
				);
				MARKETING_VERSION = 1.0;
				PRODUCT_BUNDLE_IDENTIFIER = r.timer;
				PRODUCT_NAME = "$(TARGET_NAME)";
				SWIFT_EMIT_LOC_STRINGS = YES;
				SWIFT_VERSION = 5.0;
				TARGETED_DEVICE_FAMILY = "1,2";
			};
			name = Release;
		};
		F36FEEC72BA05BDE005F5202 /* Debug */ = {
			isa = XCBuildConfiguration;
			buildSettings = {
				ALWAYS_EMBED_SWIFT_STANDARD_LIBRARIES = YES;
				BUNDLE_LOADER = "$(TEST_HOST)";
				CODE_SIGN_STYLE = Automatic;
				CURRENT_PROJECT_VERSION = 1;
				GENERATE_INFOPLIST_FILE = YES;
				IPHONEOS_DEPLOYMENT_TARGET = 17.0;
				MARKETING_VERSION = 1.0;
				PRODUCT_BUNDLE_IDENTIFIER = r.timerTests;
				PRODUCT_NAME = "$(TARGET_NAME)";
				SWIFT_EMIT_LOC_STRINGS = NO;
				SWIFT_VERSION = 5.0;
				TARGETED_DEVICE_FAMILY = "1,2";
				TEST_HOST = "$(BUILT_PRODUCTS_DIR)/timer.app/$(BUNDLE_EXECUTABLE_FOLDER_PATH)/timer";
			};
			name = Debug;
		};
		F36FEEC82BA05BDE005F5202 /* Release */ = {
			isa = XCBuildConfiguration;
			buildSettings = {
				ALWAYS_EMBED_SWIFT_STANDARD_LIBRARIES = YES;
				BUNDLE_LOADER = "$(TEST_HOST)";
				CODE_SIGN_STYLE = Automatic;
				CURRENT_PROJECT_VERSION = 1;
				GENERATE_INFOPLIST_FILE = YES;
				IPHONEOS_DEPLOYMENT_TARGET = 17.0;
				MARKETING_VERSION = 1.0;
				PRODUCT_BUNDLE_IDENTIFIER = r.timerTests;
				PRODUCT_NAME = "$(TARGET_NAME)";
				SWIFT_EMIT_LOC_STRINGS = NO;
				SWIFT_VERSION = 5.0;
				TARGETED_DEVICE_FAMILY = "1,2";
				TEST_HOST = "$(BUILT_PRODUCTS_DIR)/timer.app/$(BUNDLE_EXECUTABLE_FOLDER_PATH)/timer";
			};
			name = Release;
		};
		F36FEECA2BA05BDE005F5202 /* Debug */ = {
			isa = XCBuildConfiguration;
			buildSettings = {
				ALWAYS_EMBED_SWIFT_STANDARD_LIBRARIES = YES;
				CODE_SIGN_STYLE = Automatic;
				CURRENT_PROJECT_VERSION = 1;
				GENERATE_INFOPLIST_FILE = YES;
				MARKETING_VERSION = 1.0;
				PRODUCT_BUNDLE_IDENTIFIER = r.timerUITests;
				PRODUCT_NAME = "$(TARGET_NAME)";
				SWIFT_EMIT_LOC_STRINGS = NO;
				SWIFT_VERSION = 5.0;
				TARGETED_DEVICE_FAMILY = "1,2";
				TEST_TARGET_NAME = timer;
			};
			name = Debug;
		};
		F36FEECB2BA05BDE005F5202 /* Release */ = {
			isa = XCBuildConfiguration;
			buildSettings = {
				ALWAYS_EMBED_SWIFT_STANDARD_LIBRARIES = YES;
				CODE_SIGN_STYLE = Automatic;
				CURRENT_PROJECT_VERSION = 1;
				GENERATE_INFOPLIST_FILE = YES;
				MARKETING_VERSION = 1.0;
				PRODUCT_BUNDLE_IDENTIFIER = r.timerUITests;
				PRODUCT_NAME = "$(TARGET_NAME)";
				SWIFT_EMIT_LOC_STRINGS = NO;
				SWIFT_VERSION = 5.0;
				TARGETED_DEVICE_FAMILY = "1,2";
				TEST_TARGET_NAME = timer;
			};
			name = Release;
		};
/* End XCBuildConfiguration section */

/* Begin XCConfigurationList section */
		F36FEE942BA05BDD005F5202 /* Build configuration list for PBXProject "timer" */ = {
			isa = XCConfigurationList;
			buildConfigurations = (
				F36FEEC12BA05BDE005F5202 /* Debug */,
				F36FEEC22BA05BDE005F5202 /* Release */,
			);
			defaultConfigurationIsVisible = 0;
			defaultConfigurationName = Release;
		};
		F36FEEC32BA05BDE005F5202 /* Build configuration list for PBXNativeTarget "timer" */ = {
			isa = XCConfigurationList;
			buildConfigurations = (
				F36FEEC42BA05BDE005F5202 /* Debug */,
				F36FEEC52BA05BDE005F5202 /* Release */,
			);
			defaultConfigurationIsVisible = 0;
			defaultConfigurationName = Release;
		};
		F36FEEC62BA05BDE005F5202 /* Build configuration list for PBXNativeTarget "timerTests" */ = {
			isa = XCConfigurationList;
			buildConfigurations = (
				F36FEEC72BA05BDE005F5202 /* Debug */,
				F36FEEC82BA05BDE005F5202 /* Release */,
			);
			defaultConfigurationIsVisible = 0;
			defaultConfigurationName = Release;
		};
		F36FEEC92BA05BDE005F5202 /* Build configuration list for PBXNativeTarget "timerUITests" */ = {
			isa = XCConfigurationList;
			buildConfigurations = (
				F36FEECA2BA05BDE005F5202 /* Debug */,
				F36FEECB2BA05BDE005F5202 /* Release */,
			);
			defaultConfigurationIsVisible = 0;
			defaultConfigurationName = Release;
		};
/* End XCConfigurationList section */
	};
	rootObject = F36FEE912BA05BDD005F5202 /* Project object */;
}
