// !$*UTF8*$!
{
	archiveVersion = 1;
	classes = {
	};
	objectVersion = 56;
	objects = {

/* Begin PBXBuildFile section */
		F357946D2B8E78F8009F9EC4 /* AppDelegate.swift in Sources */ = {isa = PBXBuildFile; fileRef = F357946C2B8E78F8009F9EC4 /* AppDelegate.swift */; };
		F357946F2B8E78F8009F9EC4 /* SceneDelegate.swift in Sources */ = {isa = PBXBuildFile; fileRef = F357946E2B8E78F8009F9EC4 /* SceneDelegate.swift */; };
		F35794712B8E78F8009F9EC4 /* ViewController.swift in Sources */ = {isa = PBXBuildFile; fileRef = F35794702B8E78F8009F9EC4 /* ViewController.swift */; };
		F35794742B8E78F8009F9EC4 /* Main.storyboard in Resources */ = {isa = PBXBuildFile; fileRef = F35794722B8E78F8009F9EC4 /* Main.storyboard */; };
		F35794762B8E78FA009F9EC4 /* Assets.xcassets in Resources */ = {isa = PBXBuildFile; fileRef = F35794752B8E78FA009F9EC4 /* Assets.xcassets */; };
		F35794792B8E78FA009F9EC4 /* LaunchScreen.storyboard in Resources */ = {isa = PBXBuildFile; fileRef = F35794772B8E78FA009F9EC4 /* LaunchScreen.storyboard */; };
		F35794842B8E78FA009F9EC4 /* HelloTests.swift in Sources */ = {isa = PBXBuildFile; fileRef = F35794832B8E78FA009F9EC4 /* HelloTests.swift */; };
		F357948E2B8E78FA009F9EC4 /* HelloUITests.swift in Sources */ = {isa = PBXBuildFile; fileRef = F357948D2B8E78FA009F9EC4 /* HelloUITests.swift */; };
		F35794902B8E78FA009F9EC4 /* HelloUITestsLaunchTests.swift in Sources */ = {isa = PBXBuildFile; fileRef = F357948F2B8E78FA009F9EC4 /* HelloUITestsLaunchTests.swift */; };
/* End PBXBuildFile section */

/* Begin PBXContainerItemProxy section */
		F35794802B8E78FA009F9EC4 /* PBXContainerItemProxy */ = {
			isa = PBXContainerItemProxy;
			containerPortal = F35794612B8E78F8009F9EC4 /* Project object */;
			proxyType = 1;
			remoteGlobalIDString = F35794682B8E78F8009F9EC4;
			remoteInfo = Hello;
		};
		F357948A2B8E78FA009F9EC4 /* PBXContainerItemProxy */ = {
			isa = PBXContainerItemProxy;
			containerPortal = F35794612B8E78F8009F9EC4 /* Project object */;
			proxyType = 1;
			remoteGlobalIDString = F35794682B8E78F8009F9EC4;
			remoteInfo = Hello;
		};
/* End PBXContainerItemProxy section */

/* Begin PBXFileReference section */
		F35794692B8E78F8009F9EC4 /* Chess.app */ = {isa = PBXFileReference; explicitFileType = wrapper.application; includeInIndex = 0; path = Chess.app; sourceTree = BUILT_PRODUCTS_DIR; };
		F357946C2B8E78F8009F9EC4 /* AppDelegate.swift */ = {isa = PBXFileReference; lastKnownFileType = sourcecode.swift; path = AppDelegate.swift; sourceTree = "<group>"; };
		F357946E2B8E78F8009F9EC4 /* SceneDelegate.swift */ = {isa = PBXFileReference; lastKnownFileType = sourcecode.swift; path = SceneDelegate.swift; sourceTree = "<group>"; };
		F35794702B8E78F8009F9EC4 /* ViewController.swift */ = {isa = PBXFileReference; lastKnownFileType = sourcecode.swift; path = ViewController.swift; sourceTree = "<group>"; };
		F35794732B8E78F8009F9EC4 /* Base */ = {isa = PBXFileReference; lastKnownFileType = file.storyboard; name = Base; path = Base.lproj/Main.storyboard; sourceTree = "<group>"; };
		F35794752B8E78FA009F9EC4 /* Assets.xcassets */ = {isa = PBXFileReference; lastKnownFileType = folder.assetcatalog; path = Assets.xcassets; sourceTree = "<group>"; };
		F35794782B8E78FA009F9EC4 /* Base */ = {isa = PBXFileReference; lastKnownFileType = file.storyboard; name = Base; path = Base.lproj/LaunchScreen.storyboard; sourceTree = "<group>"; };
		F357947A2B8E78FA009F9EC4 /* Info.plist */ = {isa = PBXFileReference; lastKnownFileType = text.plist.xml; path = Info.plist; sourceTree = "<group>"; };
		F357947F2B8E78FA009F9EC4 /* ChessTests.xctest */ = {isa = PBXFileReference; explicitFileType = wrapper.cfbundle; includeInIndex = 0; path = ChessTests.xctest; sourceTree = BUILT_PRODUCTS_DIR; };
		F35794832B8E78FA009F9EC4 /* HelloTests.swift */ = {isa = PBXFileReference; lastKnownFileType = sourcecode.swift; path = HelloTests.swift; sourceTree = "<group>"; };
		F35794892B8E78FA009F9EC4 /* ChessUITests.xctest */ = {isa = PBXFileReference; explicitFileType = wrapper.cfbundle; includeInIndex = 0; path = ChessUITests.xctest; sourceTree = BUILT_PRODUCTS_DIR; };
		F357948D2B8E78FA009F9EC4 /* HelloUITests.swift */ = {isa = PBXFileReference; lastKnownFileType = sourcecode.swift; path = HelloUITests.swift; sourceTree = "<group>"; };
		F357948F2B8E78FA009F9EC4 /* HelloUITestsLaunchTests.swift */ = {isa = PBXFileReference; lastKnownFileType = sourcecode.swift; path = HelloUITestsLaunchTests.swift; sourceTree = "<group>"; };
/* End PBXFileReference section */

/* Begin PBXFrameworksBuildPhase section */
		F35794662B8E78F8009F9EC4 /* Frameworks */ = {
			isa = PBXFrameworksBuildPhase;
			buildActionMask = 2147483647;
			files = (
			);
			runOnlyForDeploymentPostprocessing = 0;
		};
		F357947C2B8E78FA009F9EC4 /* Frameworks */ = {
			isa = PBXFrameworksBuildPhase;
			buildActionMask = 2147483647;
			files = (
			);
			runOnlyForDeploymentPostprocessing = 0;
		};
		F35794862B8E78FA009F9EC4 /* Frameworks */ = {
			isa = PBXFrameworksBuildPhase;
			buildActionMask = 2147483647;
			files = (
			);
			runOnlyForDeploymentPostprocessing = 0;
		};
/* End PBXFrameworksBuildPhase section */

/* Begin PBXGroup section */
		F35794602B8E78F8009F9EC4 = {
			isa = PBXGroup;
			children = (
				F357946B2B8E78F8009F9EC4 /* Chess */,
				F35794822B8E78FA009F9EC4 /* HelloTests */,
				F357948C2B8E78FA009F9EC4 /* HelloUITests */,
				F357946A2B8E78F8009F9EC4 /* Products */,
			);
			sourceTree = "<group>";
		};
		F357946A2B8E78F8009F9EC4 /* Products */ = {
			isa = PBXGroup;
			children = (
				F35794692B8E78F8009F9EC4 /* Chess.app */,
				F357947F2B8E78FA009F9EC4 /* ChessTests.xctest */,
				F35794892B8E78FA009F9EC4 /* ChessUITests.xctest */,
			);
			name = Products;
			sourceTree = "<group>";
		};
		F357946B2B8E78F8009F9EC4 /* Chess */ = {
			isa = PBXGroup;
			children = (
				F357946C2B8E78F8009F9EC4 /* AppDelegate.swift */,
				F357946E2B8E78F8009F9EC4 /* SceneDelegate.swift */,
				F35794702B8E78F8009F9EC4 /* ViewController.swift */,
				F35794722B8E78F8009F9EC4 /* Main.storyboard */,
				F35794752B8E78FA009F9EC4 /* Assets.xcassets */,
				F35794772B8E78FA009F9EC4 /* LaunchScreen.storyboard */,
				F357947A2B8E78FA009F9EC4 /* Info.plist */,
			);
			path = Chess;
			sourceTree = "<group>";
		};
		F35794822B8E78FA009F9EC4 /* HelloTests */ = {
			isa = PBXGroup;
			children = (
				F35794832B8E78FA009F9EC4 /* HelloTests.swift */,
			);
			path = HelloTests;
			sourceTree = "<group>";
		};
		F357948C2B8E78FA009F9EC4 /* HelloUITests */ = {
			isa = PBXGroup;
			children = (
				F357948D2B8E78FA009F9EC4 /* HelloUITests.swift */,
				F357948F2B8E78FA009F9EC4 /* HelloUITestsLaunchTests.swift */,
			);
			path = HelloUITests;
			sourceTree = "<group>";
		};
/* End PBXGroup section */

/* Begin PBXNativeTarget section */
		F35794682B8E78F8009F9EC4 /* Chess */ = {
			isa = PBXNativeTarget;
			buildConfigurationList = F35794932B8E78FA009F9EC4 /* Build configuration list for PBXNativeTarget "Chess" */;
			buildPhases = (
				F35794652B8E78F8009F9EC4 /* Sources */,
				F35794662B8E78F8009F9EC4 /* Frameworks */,
				F35794672B8E78F8009F9EC4 /* Resources */,
			);
			buildRules = (
			);
			dependencies = (
			);
			name = Chess;
			productName = Hello;
			productReference = F35794692B8E78F8009F9EC4 /* Chess.app */;
			productType = "com.apple.product-type.application";
		};
		F357947E2B8E78FA009F9EC4 /* ChessTests */ = {
			isa = PBXNativeTarget;
			buildConfigurationList = F35794962B8E78FA009F9EC4 /* Build configuration list for PBXNativeTarget "ChessTests" */;
			buildPhases = (
				F357947B2B8E78FA009F9EC4 /* Sources */,
				F357947C2B8E78FA009F9EC4 /* Frameworks */,
				F357947D2B8E78FA009F9EC4 /* Resources */,
			);
			buildRules = (
			);
			dependencies = (
				F35794812B8E78FA009F9EC4 /* PBXTargetDependency */,
			);
			name = ChessTests;
			productName = HelloTests;
			productReference = F357947F2B8E78FA009F9EC4 /* ChessTests.xctest */;
			productType = "com.apple.product-type.bundle.unit-test";
		};
		F35794882B8E78FA009F9EC4 /* ChessUITests */ = {
			isa = PBXNativeTarget;
			buildConfigurationList = F35794992B8E78FA009F9EC4 /* Build configuration list for PBXNativeTarget "ChessUITests" */;
			buildPhases = (
				F35794852B8E78FA009F9EC4 /* Sources */,
				F35794862B8E78FA009F9EC4 /* Frameworks */,
				F35794872B8E78FA009F9EC4 /* Resources */,
			);
			buildRules = (
			);
			dependencies = (
				F357948B2B8E78FA009F9EC4 /* PBXTargetDependency */,
			);
			name = ChessUITests;
			productName = HelloUITests;
			productReference = F35794892B8E78FA009F9EC4 /* ChessUITests.xctest */;
			productType = "com.apple.product-type.bundle.ui-testing";
		};
/* End PBXNativeTarget section */

/* Begin PBXProject section */
		F35794612B8E78F8009F9EC4 /* Project object */ = {
			isa = PBXProject;
			attributes = {
				BuildIndependentTargetsInParallel = 1;
				LastSwiftUpdateCheck = 1500;
				LastUpgradeCheck = 1500;
				TargetAttributes = {
					F35794682B8E78F8009F9EC4 = {
						CreatedOnToolsVersion = 15.0.1;
					};
					F357947E2B8E78FA009F9EC4 = {
						CreatedOnToolsVersion = 15.0.1;
						TestTargetID = F35794682B8E78F8009F9EC4;
					};
					F35794882B8E78FA009F9EC4 = {
						CreatedOnToolsVersion = 15.0.1;
						TestTargetID = F35794682B8E78F8009F9EC4;
					};
				};
			};
			buildConfigurationList = F35794642B8E78F8009F9EC4 /* Build configuration list for PBXProject "Chess" */;
			compatibilityVersion = "Xcode 14.0";
			developmentRegion = en;
			hasScannedForEncodings = 0;
			knownRegions = (
				en,
				Base,
			);
			mainGroup = F35794602B8E78F8009F9EC4;
			productRefGroup = F357946A2B8E78F8009F9EC4 /* Products */;
			projectDirPath = "";
			projectRoot = "";
			targets = (
				F35794682B8E78F8009F9EC4 /* Chess */,
				F357947E2B8E78FA009F9EC4 /* ChessTests */,
				F35794882B8E78FA009F9EC4 /* ChessUITests */,
			);
		};
/* End PBXProject section */

/* Begin PBXResourcesBuildPhase section */
		F35794672B8E78F8009F9EC4 /* Resources */ = {
			isa = PBXResourcesBuildPhase;
			buildActionMask = 2147483647;
			files = (
				F35794792B8E78FA009F9EC4 /* LaunchScreen.storyboard in Resources */,
				F35794762B8E78FA009F9EC4 /* Assets.xcassets in Resources */,
				F35794742B8E78F8009F9EC4 /* Main.storyboard in Resources */,
			);
			runOnlyForDeploymentPostprocessing = 0;
		};
		F357947D2B8E78FA009F9EC4 /* Resources */ = {
			isa = PBXResourcesBuildPhase;
			buildActionMask = 2147483647;
			files = (
			);
			runOnlyForDeploymentPostprocessing = 0;
		};
		F35794872B8E78FA009F9EC4 /* Resources */ = {
			isa = PBXResourcesBuildPhase;
			buildActionMask = 2147483647;
			files = (
			);
			runOnlyForDeploymentPostprocessing = 0;
		};
/* End PBXResourcesBuildPhase section */

/* Begin PBXSourcesBuildPhase section */
		F35794652B8E78F8009F9EC4 /* Sources */ = {
			isa = PBXSourcesBuildPhase;
			buildActionMask = 2147483647;
			files = (
				F35794712B8E78F8009F9EC4 /* ViewController.swift in Sources */,
				F357946D2B8E78F8009F9EC4 /* AppDelegate.swift in Sources */,
				F357946F2B8E78F8009F9EC4 /* SceneDelegate.swift in Sources */,
			);
			runOnlyForDeploymentPostprocessing = 0;
		};
		F357947B2B8E78FA009F9EC4 /* Sources */ = {
			isa = PBXSourcesBuildPhase;
			buildActionMask = 2147483647;
			files = (
				F35794842B8E78FA009F9EC4 /* HelloTests.swift in Sources */,
			);
			runOnlyForDeploymentPostprocessing = 0;
		};
		F35794852B8E78FA009F9EC4 /* Sources */ = {
			isa = PBXSourcesBuildPhase;
			buildActionMask = 2147483647;
			files = (
				F357948E2B8E78FA009F9EC4 /* HelloUITests.swift in Sources */,
				F35794902B8E78FA009F9EC4 /* HelloUITestsLaunchTests.swift in Sources */,
			);
			runOnlyForDeploymentPostprocessing = 0;
		};
/* End PBXSourcesBuildPhase section */

/* Begin PBXTargetDependency section */
		F35794812B8E78FA009F9EC4 /* PBXTargetDependency */ = {
			isa = PBXTargetDependency;
			target = F35794682B8E78F8009F9EC4 /* Chess */;
			targetProxy = F35794802B8E78FA009F9EC4 /* PBXContainerItemProxy */;
		};
		F357948B2B8E78FA009F9EC4 /* PBXTargetDependency */ = {
			isa = PBXTargetDependency;
			target = F35794682B8E78F8009F9EC4 /* Chess */;
			targetProxy = F357948A2B8E78FA009F9EC4 /* PBXContainerItemProxy */;
		};
/* End PBXTargetDependency section */

/* Begin PBXVariantGroup section */
		F35794722B8E78F8009F9EC4 /* Main.storyboard */ = {
			isa = PBXVariantGroup;
			children = (
				F35794732B8E78F8009F9EC4 /* Base */,
			);
			name = Main.storyboard;
			sourceTree = "<group>";
		};
		F35794772B8E78FA009F9EC4 /* LaunchScreen.storyboard */ = {
			isa = PBXVariantGroup;
			children = (
				F35794782B8E78FA009F9EC4 /* Base */,
			);
			name = LaunchScreen.storyboard;
			sourceTree = "<group>";
		};
/* End PBXVariantGroup section */

/* Begin XCBuildConfiguration section */
		F35794912B8E78FA009F9EC4 /* Debug */ = {
			isa = XCBuildConfiguration;
			buildSettings = {
				ALWAYS_SEARCH_USER_PATHS = NO;
				ASSETCATALOG_COMPILER_GENERATE_SWIFT_ASSET_SYMBOL_EXTENSIONS = YES;
				CLANG_ANALYZER_NONNULL = YES;
				CLANG_ANALYZER_NUMBER_OBJECT_CONVERSION = YES_AGGRESSIVE;
				CLANG_CXX_LANGUAGE_STANDARD = "gnu++20";
				CLANG_ENABLE_MODULES = YES;
				CLANG_ENABLE_OBJC_ARC = YES;
				CLANG_ENABLE_OBJC_WEAK = YES;
				CLANG_WARN_BLOCK_CAPTURE_AUTORELEASING = YES;
				CLANG_WARN_BOOL_CONVERSION = YES;
				CLANG_WARN_COMMA = YES;
				CLANG_WARN_CONSTANT_CONVERSION = YES;
				CLANG_WARN_DEPRECATED_OBJC_IMPLEMENTATIONS = YES;
				CLANG_WARN_DIRECT_OBJC_ISA_USAGE = YES_ERROR;
				CLANG_WARN_DOCUMENTATION_COMMENTS = YES;
				CLANG_WARN_EMPTY_BODY = YES;
				CLANG_WARN_ENUM_CONVERSION = YES;
				CLANG_WARN_INFINITE_RECURSION = YES;
				CLANG_WARN_INT_CONVERSION = YES;
				CLANG_WARN_NON_LITERAL_NULL_CONVERSION = YES;
				CLANG_WARN_OBJC_IMPLICIT_RETAIN_SELF = YES;
				CLANG_WARN_OBJC_LITERAL_CONVERSION = YES;
				CLANG_WARN_OBJC_ROOT_CLASS = YES_ERROR;
				CLANG_WARN_QUOTED_INCLUDE_IN_FRAMEWORK_HEADER = YES;
				CLANG_WARN_RANGE_LOOP_ANALYSIS = YES;
				CLANG_WARN_STRICT_PROTOTYPES = YES;
				CLANG_WARN_SUSPICIOUS_MOVE = YES;
				CLANG_WARN_UNGUARDED_AVAILABILITY = YES_AGGRESSIVE;
				CLANG_WARN_UNREACHABLE_CODE = YES;
				CLANG_WARN__DUPLICATE_METHOD_MATCH = YES;
				COPY_PHASE_STRIP = NO;
				DEBUG_INFORMATION_FORMAT = dwarf;
				ENABLE_STRICT_OBJC_MSGSEND = YES;
				ENABLE_TESTABILITY = YES;
				ENABLE_USER_SCRIPT_SANDBOXING = YES;
				GCC_C_LANGUAGE_STANDARD = gnu17;
				GCC_DYNAMIC_NO_PIC = NO;
				GCC_NO_COMMON_BLOCKS = YES;
				GCC_OPTIMIZATION_LEVEL = 0;
				GCC_PREPROCESSOR_DEFINITIONS = (
					"DEBUG=1",
					"$(inherited)",
				);
				GCC_WARN_64_TO_32_BIT_CONVERSION = YES;
				GCC_WARN_ABOUT_RETURN_TYPE = YES_ERROR;
				GCC_WARN_UNDECLARED_SELECTOR = YES;
				GCC_WARN_UNINITIALIZED_AUTOS = YES_AGGRESSIVE;
				GCC_WARN_UNUSED_FUNCTION = YES;
				GCC_WARN_UNUSED_VARIABLE = YES;
				IPHONEOS_DEPLOYMENT_TARGET = 17.0;
				LOCALIZATION_PREFERS_STRING_CATALOGS = YES;
				MTL_ENABLE_DEBUG_INFO = INCLUDE_SOURCE;
				MTL_FAST_MATH = YES;
				ONLY_ACTIVE_ARCH = YES;
				SDKROOT = iphoneos;
				SWIFT_ACTIVE_COMPILATION_CONDITIONS = "DEBUG $(inherited)";
				SWIFT_OPTIMIZATION_LEVEL = "-Onone";
			};
			name = Debug;
		};
		F35794922B8E78FA009F9EC4 /* Release */ = {
			isa = XCBuildConfiguration;
			buildSettings = {
				ALWAYS_SEARCH_USER_PATHS = NO;
				ASSETCATALOG_COMPILER_GENERATE_SWIFT_ASSET_SYMBOL_EXTENSIONS = YES;
				CLANG_ANALYZER_NONNULL = YES;
				CLANG_ANALYZER_NUMBER_OBJECT_CONVERSION = YES_AGGRESSIVE;
				CLANG_CXX_LANGUAGE_STANDARD = "gnu++20";
				CLANG_ENABLE_MODULES = YES;
				CLANG_ENABLE_OBJC_ARC = YES;
				CLANG_ENABLE_OBJC_WEAK = YES;
				CLANG_WARN_BLOCK_CAPTURE_AUTORELEASING = YES;
				CLANG_WARN_BOOL_CONVERSION = YES;
				CLANG_WARN_COMMA = YES;
				CLANG_WARN_CONSTANT_CONVERSION = YES;
				CLANG_WARN_DEPRECATED_OBJC_IMPLEMENTATIONS = YES;
				CLANG_WARN_DIRECT_OBJC_ISA_USAGE = YES_ERROR;
				CLANG_WARN_DOCUMENTATION_COMMENTS = YES;
				CLANG_WARN_EMPTY_BODY = YES;
				CLANG_WARN_ENUM_CONVERSION = YES;
				CLANG_WARN_INFINITE_RECURSION = YES;
				CLANG_WARN_INT_CONVERSION = YES;
				CLANG_WARN_NON_LITERAL_NULL_CONVERSION = YES;
				CLANG_WARN_OBJC_IMPLICIT_RETAIN_SELF = YES;
				CLANG_WARN_OBJC_LITERAL_CONVERSION = YES;
				CLANG_WARN_OBJC_ROOT_CLASS = YES_ERROR;
				CLANG_WARN_QUOTED_INCLUDE_IN_FRAMEWORK_HEADER = YES;
				CLANG_WARN_RANGE_LOOP_ANALYSIS = YES;
				CLANG_WARN_STRICT_PROTOTYPES = YES;
				CLANG_WARN_SUSPICIOUS_MOVE = YES;
				CLANG_WARN_UNGUARDED_AVAILABILITY = YES_AGGRESSIVE;
				CLANG_WARN_UNREACHABLE_CODE = YES;
				CLANG_WARN__DUPLICATE_METHOD_MATCH = YES;
				COPY_PHASE_STRIP = NO;
				DEBUG_INFORMATION_FORMAT = "dwarf-with-dsym";
				ENABLE_NS_ASSERTIONS = NO;
				ENABLE_STRICT_OBJC_MSGSEND = YES;
				ENABLE_USER_SCRIPT_SANDBOXING = YES;
				GCC_C_LANGUAGE_STANDARD = gnu17;
				GCC_NO_COMMON_BLOCKS = YES;
				GCC_WARN_64_TO_32_BIT_CONVERSION = YES;
				GCC_WARN_ABOUT_RETURN_TYPE = YES_ERROR;
				GCC_WARN_UNDECLARED_SELECTOR = YES;
				GCC_WARN_UNINITIALIZED_AUTOS = YES_AGGRESSIVE;
				GCC_WARN_UNUSED_FUNCTION = YES;
				GCC_WARN_UNUSED_VARIABLE = YES;
				IPHONEOS_DEPLOYMENT_TARGET = 17.0;
				LOCALIZATION_PREFERS_STRING_CATALOGS = YES;
				MTL_ENABLE_DEBUG_INFO = NO;
				MTL_FAST_MATH = YES;
				SDKROOT = iphoneos;
				SWIFT_COMPILATION_MODE = wholemodule;
				VALIDATE_PRODUCT = YES;
			};
			name = Release;
		};
		F35794942B8E78FA009F9EC4 /* Debug */ = {
			isa = XCBuildConfiguration;
			buildSettings = {
				ASSETCATALOG_COMPILER_APPICON_NAME = AppIcon;
				ASSETCATALOG_COMPILER_GLOBAL_ACCENT_COLOR_NAME = AccentColor;
				CODE_SIGN_STYLE = Automatic;
				CURRENT_PROJECT_VERSION = 1;
				GENERATE_INFOPLIST_FILE = YES;
				INFOPLIST_FILE = Hello/Info.plist;
				INFOPLIST_KEY_UIApplicationSupportsIndirectInputEvents = YES;
				INFOPLIST_KEY_UILaunchStoryboardName = LaunchScreen;
				INFOPLIST_KEY_UIMainStoryboardFile = Main;
				INFOPLIST_KEY_UISupportedInterfaceOrientations_iPad = "UIInterfaceOrientationPortrait UIInterfaceOrientationPortraitUpsideDown UIInterfaceOrientationLandscapeLeft UIInterfaceOrientationLandscapeRight";
				INFOPLIST_KEY_UISupportedInterfaceOrientations_iPhone = "UIInterfaceOrientationPortrait UIInterfaceOrientationLandscapeLeft UIInterfaceOrientationLandscapeRight";
				LD_RUNPATH_SEARCH_PATHS = (
					"$(inherited)",
					"@executable_path/Frameworks",
				);
				MARKETING_VERSION = 1.0;
				PRODUCT_BUNDLE_IDENTIFIER = r.Hello;
				PRODUCT_NAME = "$(TARGET_NAME)";
				SWIFT_EMIT_LOC_STRINGS = YES;
				SWIFT_VERSION = 5.0;
				TARGETED_DEVICE_FAMILY = "1,2";
			};
			name = Debug;
		};
		F35794952B8E78FA009F9EC4 /* Release */ = {
			isa = XCBuildConfiguration;
			buildSettings = {
				ASSETCATALOG_COMPILER_APPICON_NAME = AppIcon;
				ASSETCATALOG_COMPILER_GLOBAL_ACCENT_COLOR_NAME = AccentColor;
				CODE_SIGN_STYLE = Automatic;
				CURRENT_PROJECT_VERSION = 1;
				GENERATE_INFOPLIST_FILE = YES;
				INFOPLIST_FILE = Hello/Info.plist;
				INFOPLIST_KEY_UIApplicationSupportsIndirectInputEvents = YES;
				INFOPLIST_KEY_UILaunchStoryboardName = LaunchScreen;
				INFOPLIST_KEY_UIMainStoryboardFile = Main;
				INFOPLIST_KEY_UISupportedInterfaceOrientations_iPad = "UIInterfaceOrientationPortrait UIInterfaceOrientationPortraitUpsideDown UIInterfaceOrientationLandscapeLeft UIInterfaceOrientationLandscapeRight";
				INFOPLIST_KEY_UISupportedInterfaceOrientations_iPhone = "UIInterfaceOrientationPortrait UIInterfaceOrientationLandscapeLeft UIInterfaceOrientationLandscapeRight";
				LD_RUNPATH_SEARCH_PATHS = (
					"$(inherited)",
					"@executable_path/Frameworks",
				);
				MARKETING_VERSION = 1.0;
				PRODUCT_BUNDLE_IDENTIFIER = r.Hello;
				PRODUCT_NAME = "$(TARGET_NAME)";
				SWIFT_EMIT_LOC_STRINGS = YES;
				SWIFT_VERSION = 5.0;
				TARGETED_DEVICE_FAMILY = "1,2";
			};
			name = Release;
		};
		F35794972B8E78FA009F9EC4 /* Debug */ = {
			isa = XCBuildConfiguration;
			buildSettings = {
				ALWAYS_EMBED_SWIFT_STANDARD_LIBRARIES = YES;
				BUNDLE_LOADER = "$(TEST_HOST)";
				CODE_SIGN_STYLE = Automatic;
				CURRENT_PROJECT_VERSION = 1;
				GENERATE_INFOPLIST_FILE = YES;
				IPHONEOS_DEPLOYMENT_TARGET = 17.0;
				MARKETING_VERSION = 1.0;
				PRODUCT_BUNDLE_IDENTIFIER = r.HelloTests;
				PRODUCT_NAME = "$(TARGET_NAME)";
				SWIFT_EMIT_LOC_STRINGS = NO;
				SWIFT_VERSION = 5.0;
				TARGETED_DEVICE_FAMILY = "1,2";
				TEST_HOST = "$(BUILT_PRODUCTS_DIR)/Chess.app/$(BUNDLE_EXECUTABLE_FOLDER_PATH)/Chess";
			};
			name = Debug;
		};
		F35794982B8E78FA009F9EC4 /* Release */ = {
			isa = XCBuildConfiguration;
			buildSettings = {
				ALWAYS_EMBED_SWIFT_STANDARD_LIBRARIES = YES;
				BUNDLE_LOADER = "$(TEST_HOST)";
				CODE_SIGN_STYLE = Automatic;
				CURRENT_PROJECT_VERSION = 1;
				GENERATE_INFOPLIST_FILE = YES;
				IPHONEOS_DEPLOYMENT_TARGET = 17.0;
				MARKETING_VERSION = 1.0;
				PRODUCT_BUNDLE_IDENTIFIER = r.HelloTests;
				PRODUCT_NAME = "$(TARGET_NAME)";
				SWIFT_EMIT_LOC_STRINGS = NO;
				SWIFT_VERSION = 5.0;
				TARGETED_DEVICE_FAMILY = "1,2";
				TEST_HOST = "$(BUILT_PRODUCTS_DIR)/Chess.app/$(BUNDLE_EXECUTABLE_FOLDER_PATH)/Chess";
			};
			name = Release;
		};
		F357949A2B8E78FA009F9EC4 /* Debug */ = {
			isa = XCBuildConfiguration;
			buildSettings = {
				ALWAYS_EMBED_SWIFT_STANDARD_LIBRARIES = YES;
				CODE_SIGN_STYLE = Automatic;
				CURRENT_PROJECT_VERSION = 1;
				GENERATE_INFOPLIST_FILE = YES;
				MARKETING_VERSION = 1.0;
				PRODUCT_BUNDLE_IDENTIFIER = r.HelloUITests;
				PRODUCT_NAME = "$(TARGET_NAME)";
				SWIFT_EMIT_LOC_STRINGS = NO;
				SWIFT_VERSION = 5.0;
				TARGETED_DEVICE_FAMILY = "1,2";
				TEST_TARGET_NAME = Hello;
			};
			name = Debug;
		};
		F357949B2B8E78FA009F9EC4 /* Release */ = {
			isa = XCBuildConfiguration;
			buildSettings = {
				ALWAYS_EMBED_SWIFT_STANDARD_LIBRARIES = YES;
				CODE_SIGN_STYLE = Automatic;
				CURRENT_PROJECT_VERSION = 1;
				GENERATE_INFOPLIST_FILE = YES;
				MARKETING_VERSION = 1.0;
				PRODUCT_BUNDLE_IDENTIFIER = r.HelloUITests;
				PRODUCT_NAME = "$(TARGET_NAME)";
				SWIFT_EMIT_LOC_STRINGS = NO;
				SWIFT_VERSION = 5.0;
				TARGETED_DEVICE_FAMILY = "1,2";
				TEST_TARGET_NAME = Hello;
			};
			name = Release;
		};
/* End XCBuildConfiguration section */

/* Begin XCConfigurationList section */
		F35794642B8E78F8009F9EC4 /* Build configuration list for PBXProject "Chess" */ = {
			isa = XCConfigurationList;
			buildConfigurations = (
				F35794912B8E78FA009F9EC4 /* Debug */,
				F35794922B8E78FA009F9EC4 /* Release */,
			);
			defaultConfigurationIsVisible = 0;
			defaultConfigurationName = Release;
		};
		F35794932B8E78FA009F9EC4 /* Build configuration list for PBXNativeTarget "Chess" */ = {
			isa = XCConfigurationList;
			buildConfigurations = (
				F35794942B8E78FA009F9EC4 /* Debug */,
				F35794952B8E78FA009F9EC4 /* Release */,
			);
			defaultConfigurationIsVisible = 0;
			defaultConfigurationName = Release;
		};
		F35794962B8E78FA009F9EC4 /* Build configuration list for PBXNativeTarget "ChessTests" */ = {
			isa = XCConfigurationList;
			buildConfigurations = (
				F35794972B8E78FA009F9EC4 /* Debug */,
				F35794982B8E78FA009F9EC4 /* Release */,
			);
			defaultConfigurationIsVisible = 0;
			defaultConfigurationName = Release;
		};
		F35794992B8E78FA009F9EC4 /* Build configuration list for PBXNativeTarget "ChessUITests" */ = {
			isa = XCConfigurationList;
			buildConfigurations = (
				F357949A2B8E78FA009F9EC4 /* Debug */,
				F357949B2B8E78FA009F9EC4 /* Release */,
			);
			defaultConfigurationIsVisible = 0;
			defaultConfigurationName = Release;
		};
/* End XCConfigurationList section */
	};
	rootObject = F35794612B8E78F8009F9EC4 /* Project object */;
}
