// !$*UTF8*$!
{
	archiveVersion = 1;
	classes = {
	};
	objectVersion = 56;
	objects = {

/* Begin PBXBuildFile section */
		F331FFB32BD3D6E800DC7D78 /* AppDelegate.swift in Sources */ = {isa = PBXBuildFile; fileRef = F331FFB22BD3D6E800DC7D78 /* AppDelegate.swift */; };
		F331FFB52BD3D6E800DC7D78 /* SceneDelegate.swift in Sources */ = {isa = PBXBuildFile; fileRef = F331FFB42BD3D6E800DC7D78 /* SceneDelegate.swift */; };
		F331FFB72BD3D6E800DC7D78 /* ViewController.swift in Sources */ = {isa = PBXBuildFile; fileRef = F331FFB62BD3D6E800DC7D78 /* ViewController.swift */; };
		F331FFBA2BD3D6E800DC7D78 /* Main.storyboard in Resources */ = {isa = PBXBuildFile; fileRef = F331FFB82BD3D6E800DC7D78 /* Main.storyboard */; };
		F331FFBC2BD3D6E900DC7D78 /* Assets.xcassets in Resources */ = {isa = PBXBuildFile; fileRef = F331FFBB2BD3D6E900DC7D78 /* Assets.xcassets */; };
		F331FFBF2BD3D6E900DC7D78 /* LaunchScreen.storyboard in Resources */ = {isa = PBXBuildFile; fileRef = F331FFBD2BD3D6E900DC7D78 /* LaunchScreen.storyboard */; };
		F331FFCA2BD3D6E900DC7D78 /* PersonalityQuizTests.swift in Sources */ = {isa = PBXBuildFile; fileRef = F331FFC92BD3D6E900DC7D78 /* PersonalityQuizTests.swift */; };
		F331FFD42BD3D6E900DC7D78 /* PersonalityQuizUITests.swift in Sources */ = {isa = PBXBuildFile; fileRef = F331FFD32BD3D6E900DC7D78 /* PersonalityQuizUITests.swift */; };
		F331FFD62BD3D6E900DC7D78 /* PersonalityQuizUITestsLaunchTests.swift in Sources */ = {isa = PBXBuildFile; fileRef = F331FFD52BD3D6E900DC7D78 /* PersonalityQuizUITestsLaunchTests.swift */; };
		F331FFE32BD469D800DC7D78 /* QuestionVC.swift in Sources */ = {isa = PBXBuildFile; fileRef = F331FFE22BD469D800DC7D78 /* QuestionVC.swift */; };
		F331FFE52BD469F700DC7D78 /* ResultsVC.swift in Sources */ = {isa = PBXBuildFile; fileRef = F331FFE42BD469F700DC7D78 /* ResultsVC.swift */; };
		F331FFE72BD46A7000DC7D78 /* QuestionData.swift in Sources */ = {isa = PBXBuildFile; fileRef = F331FFE62BD46A7000DC7D78 /* QuestionData.swift */; };
/* End PBXBuildFile section */

/* Begin PBXContainerItemProxy section */
		F331FFC62BD3D6E900DC7D78 /* PBXContainerItemProxy */ = {
			isa = PBXContainerItemProxy;
			containerPortal = F331FFA72BD3D6E800DC7D78 /* Project object */;
			proxyType = 1;
			remoteGlobalIDString = F331FFAE2BD3D6E800DC7D78;
			remoteInfo = PersonalityQuiz;
		};
		F331FFD02BD3D6E900DC7D78 /* PBXContainerItemProxy */ = {
			isa = PBXContainerItemProxy;
			containerPortal = F331FFA72BD3D6E800DC7D78 /* Project object */;
			proxyType = 1;
			remoteGlobalIDString = F331FFAE2BD3D6E800DC7D78;
			remoteInfo = PersonalityQuiz;
		};
/* End PBXContainerItemProxy section */

/* Begin PBXFileReference section */
		F331FFAF2BD3D6E800DC7D78 /* PersonalityQuiz.app */ = {isa = PBXFileReference; explicitFileType = wrapper.application; includeInIndex = 0; path = PersonalityQuiz.app; sourceTree = BUILT_PRODUCTS_DIR; };
		F331FFB22BD3D6E800DC7D78 /* AppDelegate.swift */ = {isa = PBXFileReference; lastKnownFileType = sourcecode.swift; path = AppDelegate.swift; sourceTree = "<group>"; };
		F331FFB42BD3D6E800DC7D78 /* SceneDelegate.swift */ = {isa = PBXFileReference; lastKnownFileType = sourcecode.swift; path = SceneDelegate.swift; sourceTree = "<group>"; };
		F331FFB62BD3D6E800DC7D78 /* ViewController.swift */ = {isa = PBXFileReference; lastKnownFileType = sourcecode.swift; path = ViewController.swift; sourceTree = "<group>"; };
		F331FFB92BD3D6E800DC7D78 /* Base */ = {isa = PBXFileReference; lastKnownFileType = file.storyboard; name = Base; path = Base.lproj/Main.storyboard; sourceTree = "<group>"; };
		F331FFBB2BD3D6E900DC7D78 /* Assets.xcassets */ = {isa = PBXFileReference; lastKnownFileType = folder.assetcatalog; path = Assets.xcassets; sourceTree = "<group>"; };
		F331FFBE2BD3D6E900DC7D78 /* Base */ = {isa = PBXFileReference; lastKnownFileType = file.storyboard; name = Base; path = Base.lproj/LaunchScreen.storyboard; sourceTree = "<group>"; };
		F331FFC02BD3D6E900DC7D78 /* Info.plist */ = {isa = PBXFileReference; lastKnownFileType = text.plist.xml; path = Info.plist; sourceTree = "<group>"; };
		F331FFC52BD3D6E900DC7D78 /* PersonalityQuizTests.xctest */ = {isa = PBXFileReference; explicitFileType = wrapper.cfbundle; includeInIndex = 0; path = PersonalityQuizTests.xctest; sourceTree = BUILT_PRODUCTS_DIR; };
		F331FFC92BD3D6E900DC7D78 /* PersonalityQuizTests.swift */ = {isa = PBXFileReference; lastKnownFileType = sourcecode.swift; path = PersonalityQuizTests.swift; sourceTree = "<group>"; };
		F331FFCF2BD3D6E900DC7D78 /* PersonalityQuizUITests.xctest */ = {isa = PBXFileReference; explicitFileType = wrapper.cfbundle; includeInIndex = 0; path = PersonalityQuizUITests.xctest; sourceTree = BUILT_PRODUCTS_DIR; };
		F331FFD32BD3D6E900DC7D78 /* PersonalityQuizUITests.swift */ = {isa = PBXFileReference; lastKnownFileType = sourcecode.swift; path = PersonalityQuizUITests.swift; sourceTree = "<group>"; };
		F331FFD52BD3D6E900DC7D78 /* PersonalityQuizUITestsLaunchTests.swift */ = {isa = PBXFileReference; lastKnownFileType = sourcecode.swift; path = PersonalityQuizUITestsLaunchTests.swift; sourceTree = "<group>"; };
		F331FFE22BD469D800DC7D78 /* QuestionVC.swift */ = {isa = PBXFileReference; lastKnownFileType = sourcecode.swift; path = QuestionVC.swift; sourceTree = "<group>"; };
		F331FFE42BD469F700DC7D78 /* ResultsVC.swift */ = {isa = PBXFileReference; lastKnownFileType = sourcecode.swift; path = ResultsVC.swift; sourceTree = "<group>"; };
		F331FFE62BD46A7000DC7D78 /* QuestionData.swift */ = {isa = PBXFileReference; lastKnownFileType = sourcecode.swift; path = QuestionData.swift; sourceTree = "<group>"; };
/* End PBXFileReference section */

/* Begin PBXFrameworksBuildPhase section */
		F331FFAC2BD3D6E800DC7D78 /* Frameworks */ = {
			isa = PBXFrameworksBuildPhase;
			buildActionMask = 2147483647;
			files = (
			);
			runOnlyForDeploymentPostprocessing = 0;
		};
		F331FFC22BD3D6E900DC7D78 /* Frameworks */ = {
			isa = PBXFrameworksBuildPhase;
			buildActionMask = 2147483647;
			files = (
			);
			runOnlyForDeploymentPostprocessing = 0;
		};
		F331FFCC2BD3D6E900DC7D78 /* Frameworks */ = {
			isa = PBXFrameworksBuildPhase;
			buildActionMask = 2147483647;
			files = (
			);
			runOnlyForDeploymentPostprocessing = 0;
		};
/* End PBXFrameworksBuildPhase section */

/* Begin PBXGroup section */
		F331FFA62BD3D6E800DC7D78 = {
			isa = PBXGroup;
			children = (
				F331FFB12BD3D6E800DC7D78 /* PersonalityQuiz */,
				F331FFC82BD3D6E900DC7D78 /* PersonalityQuizTests */,
				F331FFD22BD3D6E900DC7D78 /* PersonalityQuizUITests */,
				F331FFB02BD3D6E800DC7D78 /* Products */,
			);
			sourceTree = "<group>";
		};
		F331FFB02BD3D6E800DC7D78 /* Products */ = {
			isa = PBXGroup;
			children = (
				F331FFAF2BD3D6E800DC7D78 /* PersonalityQuiz.app */,
				F331FFC52BD3D6E900DC7D78 /* PersonalityQuizTests.xctest */,
				F331FFCF2BD3D6E900DC7D78 /* PersonalityQuizUITests.xctest */,
			);
			name = Products;
			sourceTree = "<group>";
		};
		F331FFB12BD3D6E800DC7D78 /* PersonalityQuiz */ = {
			isa = PBXGroup;
			children = (
				F331FFB22BD3D6E800DC7D78 /* AppDelegate.swift */,
				F331FFB42BD3D6E800DC7D78 /* SceneDelegate.swift */,
				F331FFB62BD3D6E800DC7D78 /* ViewController.swift */,
				F331FFE22BD469D800DC7D78 /* QuestionVC.swift */,
				F331FFE42BD469F700DC7D78 /* ResultsVC.swift */,
				F331FFB82BD3D6E800DC7D78 /* Main.storyboard */,
				F331FFBB2BD3D6E900DC7D78 /* Assets.xcassets */,
				F331FFBD2BD3D6E900DC7D78 /* LaunchScreen.storyboard */,
				F331FFC02BD3D6E900DC7D78 /* Info.plist */,
				F331FFE62BD46A7000DC7D78 /* QuestionData.swift */,
			);
			path = PersonalityQuiz;
			sourceTree = "<group>";
		};
		F331FFC82BD3D6E900DC7D78 /* PersonalityQuizTests */ = {
			isa = PBXGroup;
			children = (
				F331FFC92BD3D6E900DC7D78 /* PersonalityQuizTests.swift */,
			);
			path = PersonalityQuizTests;
			sourceTree = "<group>";
		};
		F331FFD22BD3D6E900DC7D78 /* PersonalityQuizUITests */ = {
			isa = PBXGroup;
			children = (
				F331FFD32BD3D6E900DC7D78 /* PersonalityQuizUITests.swift */,
				F331FFD52BD3D6E900DC7D78 /* PersonalityQuizUITestsLaunchTests.swift */,
			);
			path = PersonalityQuizUITests;
			sourceTree = "<group>";
		};
/* End PBXGroup section */

/* Begin PBXNativeTarget section */
		F331FFAE2BD3D6E800DC7D78 /* PersonalityQuiz */ = {
			isa = PBXNativeTarget;
			buildConfigurationList = F331FFD92BD3D6E900DC7D78 /* Build configuration list for PBXNativeTarget "PersonalityQuiz" */;
			buildPhases = (
				F331FFAB2BD3D6E800DC7D78 /* Sources */,
				F331FFAC2BD3D6E800DC7D78 /* Frameworks */,
				F331FFAD2BD3D6E800DC7D78 /* Resources */,
			);
			buildRules = (
			);
			dependencies = (
			);
			name = PersonalityQuiz;
			productName = PersonalityQuiz;
			productReference = F331FFAF2BD3D6E800DC7D78 /* PersonalityQuiz.app */;
			productType = "com.apple.product-type.application";
		};
		F331FFC42BD3D6E900DC7D78 /* PersonalityQuizTests */ = {
			isa = PBXNativeTarget;
			buildConfigurationList = F331FFDC2BD3D6E900DC7D78 /* Build configuration list for PBXNativeTarget "PersonalityQuizTests" */;
			buildPhases = (
				F331FFC12BD3D6E900DC7D78 /* Sources */,
				F331FFC22BD3D6E900DC7D78 /* Frameworks */,
				F331FFC32BD3D6E900DC7D78 /* Resources */,
			);
			buildRules = (
			);
			dependencies = (
				F331FFC72BD3D6E900DC7D78 /* PBXTargetDependency */,
			);
			name = PersonalityQuizTests;
			productName = PersonalityQuizTests;
			productReference = F331FFC52BD3D6E900DC7D78 /* PersonalityQuizTests.xctest */;
			productType = "com.apple.product-type.bundle.unit-test";
		};
		F331FFCE2BD3D6E900DC7D78 /* PersonalityQuizUITests */ = {
			isa = PBXNativeTarget;
			buildConfigurationList = F331FFDF2BD3D6E900DC7D78 /* Build configuration list for PBXNativeTarget "PersonalityQuizUITests" */;
			buildPhases = (
				F331FFCB2BD3D6E900DC7D78 /* Sources */,
				F331FFCC2BD3D6E900DC7D78 /* Frameworks */,
				F331FFCD2BD3D6E900DC7D78 /* Resources */,
			);
			buildRules = (
			);
			dependencies = (
				F331FFD12BD3D6E900DC7D78 /* PBXTargetDependency */,
			);
			name = PersonalityQuizUITests;
			productName = PersonalityQuizUITests;
			productReference = F331FFCF2BD3D6E900DC7D78 /* PersonalityQuizUITests.xctest */;
			productType = "com.apple.product-type.bundle.ui-testing";
		};
/* End PBXNativeTarget section */

/* Begin PBXProject section */
		F331FFA72BD3D6E800DC7D78 /* Project object */ = {
			isa = PBXProject;
			attributes = {
				BuildIndependentTargetsInParallel = 1;
				LastSwiftUpdateCheck = 1500;
				LastUpgradeCheck = 1500;
				TargetAttributes = {
					F331FFAE2BD3D6E800DC7D78 = {
						CreatedOnToolsVersion = 15.0.1;
					};
					F331FFC42BD3D6E900DC7D78 = {
						CreatedOnToolsVersion = 15.0.1;
						TestTargetID = F331FFAE2BD3D6E800DC7D78;
					};
					F331FFCE2BD3D6E900DC7D78 = {
						CreatedOnToolsVersion = 15.0.1;
						TestTargetID = F331FFAE2BD3D6E800DC7D78;
					};
				};
			};
			buildConfigurationList = F331FFAA2BD3D6E800DC7D78 /* Build configuration list for PBXProject "PersonalityQuiz" */;
			compatibilityVersion = "Xcode 14.0";
			developmentRegion = en;
			hasScannedForEncodings = 0;
			knownRegions = (
				en,
				Base,
			);
			mainGroup = F331FFA62BD3D6E800DC7D78;
			productRefGroup = F331FFB02BD3D6E800DC7D78 /* Products */;
			projectDirPath = "";
			projectRoot = "";
			targets = (
				F331FFAE2BD3D6E800DC7D78 /* PersonalityQuiz */,
				F331FFC42BD3D6E900DC7D78 /* PersonalityQuizTests */,
				F331FFCE2BD3D6E900DC7D78 /* PersonalityQuizUITests */,
			);
		};
/* End PBXProject section */

/* Begin PBXResourcesBuildPhase section */
		F331FFAD2BD3D6E800DC7D78 /* Resources */ = {
			isa = PBXResourcesBuildPhase;
			buildActionMask = 2147483647;
			files = (
				F331FFBF2BD3D6E900DC7D78 /* LaunchScreen.storyboard in Resources */,
				F331FFBC2BD3D6E900DC7D78 /* Assets.xcassets in Resources */,
				F331FFBA2BD3D6E800DC7D78 /* Main.storyboard in Resources */,
			);
			runOnlyForDeploymentPostprocessing = 0;
		};
		F331FFC32BD3D6E900DC7D78 /* Resources */ = {
			isa = PBXResourcesBuildPhase;
			buildActionMask = 2147483647;
			files = (
			);
			runOnlyForDeploymentPostprocessing = 0;
		};
		F331FFCD2BD3D6E900DC7D78 /* Resources */ = {
			isa = PBXResourcesBuildPhase;
			buildActionMask = 2147483647;
			files = (
			);
			runOnlyForDeploymentPostprocessing = 0;
		};
/* End PBXResourcesBuildPhase section */

/* Begin PBXSourcesBuildPhase section */
		F331FFAB2BD3D6E800DC7D78 /* Sources */ = {
			isa = PBXSourcesBuildPhase;
			buildActionMask = 2147483647;
			files = (
				F331FFE32BD469D800DC7D78 /* QuestionVC.swift in Sources */,
				F331FFB72BD3D6E800DC7D78 /* ViewController.swift in Sources */,
				F331FFB32BD3D6E800DC7D78 /* AppDelegate.swift in Sources */,
				F331FFE72BD46A7000DC7D78 /* QuestionData.swift in Sources */,
				F331FFE52BD469F700DC7D78 /* ResultsVC.swift in Sources */,
				F331FFB52BD3D6E800DC7D78 /* SceneDelegate.swift in Sources */,
			);
			runOnlyForDeploymentPostprocessing = 0;
		};
		F331FFC12BD3D6E900DC7D78 /* Sources */ = {
			isa = PBXSourcesBuildPhase;
			buildActionMask = 2147483647;
			files = (
				F331FFCA2BD3D6E900DC7D78 /* PersonalityQuizTests.swift in Sources */,
			);
			runOnlyForDeploymentPostprocessing = 0;
		};
		F331FFCB2BD3D6E900DC7D78 /* Sources */ = {
			isa = PBXSourcesBuildPhase;
			buildActionMask = 2147483647;
			files = (
				F331FFD62BD3D6E900DC7D78 /* PersonalityQuizUITestsLaunchTests.swift in Sources */,
				F331FFD42BD3D6E900DC7D78 /* PersonalityQuizUITests.swift in Sources */,
			);
			runOnlyForDeploymentPostprocessing = 0;
		};
/* End PBXSourcesBuildPhase section */

/* Begin PBXTargetDependency section */
		F331FFC72BD3D6E900DC7D78 /* PBXTargetDependency */ = {
			isa = PBXTargetDependency;
			target = F331FFAE2BD3D6E800DC7D78 /* PersonalityQuiz */;
			targetProxy = F331FFC62BD3D6E900DC7D78 /* PBXContainerItemProxy */;
		};
		F331FFD12BD3D6E900DC7D78 /* PBXTargetDependency */ = {
			isa = PBXTargetDependency;
			target = F331FFAE2BD3D6E800DC7D78 /* PersonalityQuiz */;
			targetProxy = F331FFD02BD3D6E900DC7D78 /* PBXContainerItemProxy */;
		};
/* End PBXTargetDependency section */

/* Begin PBXVariantGroup section */
		F331FFB82BD3D6E800DC7D78 /* Main.storyboard */ = {
			isa = PBXVariantGroup;
			children = (
				F331FFB92BD3D6E800DC7D78 /* Base */,
			);
			name = Main.storyboard;
			sourceTree = "<group>";
		};
		F331FFBD2BD3D6E900DC7D78 /* LaunchScreen.storyboard */ = {
			isa = PBXVariantGroup;
			children = (
				F331FFBE2BD3D6E900DC7D78 /* Base */,
			);
			name = LaunchScreen.storyboard;
			sourceTree = "<group>";
		};
/* End PBXVariantGroup section */

/* Begin XCBuildConfiguration section */
		F331FFD72BD3D6E900DC7D78 /* Debug */ = {
			isa = XCBuildConfiguration;
			buildSettings = {
				ALWAYS_SEARCH_USER_PATHS = NO;
				ASSETCATALOG_COMPILER_GENERATE_SWIFT_ASSET_SYMBOL_EXTENSIONS = YES;
				CLANG_ANALYZER_NONNULL = YES;
				CLANG_ANALYZER_NUMBER_OBJECT_CONVERSION = YES_AGGRESSIVE;
				CLANG_CXX_LANGUAGE_STANDARD = "gnu++20";
				CLANG_ENABLE_MODULES = YES;
				CLANG_ENABLE_OBJC_ARC = YES;
				CLANG_ENABLE_OBJC_WEAK = YES;
				CLANG_WARN_BLOCK_CAPTURE_AUTORELEASING = YES;
				CLANG_WARN_BOOL_CONVERSION = YES;
				CLANG_WARN_COMMA = YES;
				CLANG_WARN_CONSTANT_CONVERSION = YES;
				CLANG_WARN_DEPRECATED_OBJC_IMPLEMENTATIONS = YES;
				CLANG_WARN_DIRECT_OBJC_ISA_USAGE = YES_ERROR;
				CLANG_WARN_DOCUMENTATION_COMMENTS = YES;
				CLANG_WARN_EMPTY_BODY = YES;
				CLANG_WARN_ENUM_CONVERSION = YES;
				CLANG_WARN_INFINITE_RECURSION = YES;
				CLANG_WARN_INT_CONVERSION = YES;
				CLANG_WARN_NON_LITERAL_NULL_CONVERSION = YES;
				CLANG_WARN_OBJC_IMPLICIT_RETAIN_SELF = YES;
				CLANG_WARN_OBJC_LITERAL_CONVERSION = YES;
				CLANG_WARN_OBJC_ROOT_CLASS = YES_ERROR;
				CLANG_WARN_QUOTED_INCLUDE_IN_FRAMEWORK_HEADER = YES;
				CLANG_WARN_RANGE_LOOP_ANALYSIS = YES;
				CLANG_WARN_STRICT_PROTOTYPES = YES;
				CLANG_WARN_SUSPICIOUS_MOVE = YES;
				CLANG_WARN_UNGUARDED_AVAILABILITY = YES_AGGRESSIVE;
				CLANG_WARN_UNREACHABLE_CODE = YES;
				CLANG_WARN__DUPLICATE_METHOD_MATCH = YES;
				COPY_PHASE_STRIP = NO;
				DEBUG_INFORMATION_FORMAT = dwarf;
				ENABLE_STRICT_OBJC_MSGSEND = YES;
				ENABLE_TESTABILITY = YES;
				ENABLE_USER_SCRIPT_SANDBOXING = YES;
				GCC_C_LANGUAGE_STANDARD = gnu17;
				GCC_DYNAMIC_NO_PIC = NO;
				GCC_NO_COMMON_BLOCKS = YES;
				GCC_OPTIMIZATION_LEVEL = 0;
				GCC_PREPROCESSOR_DEFINITIONS = (
					"DEBUG=1",
					"$(inherited)",
				);
				GCC_WARN_64_TO_32_BIT_CONVERSION = YES;
				GCC_WARN_ABOUT_RETURN_TYPE = YES_ERROR;
				GCC_WARN_UNDECLARED_SELECTOR = YES;
				GCC_WARN_UNINITIALIZED_AUTOS = YES_AGGRESSIVE;
				GCC_WARN_UNUSED_FUNCTION = YES;
				GCC_WARN_UNUSED_VARIABLE = YES;
				IPHONEOS_DEPLOYMENT_TARGET = 17.0;
				LOCALIZATION_PREFERS_STRING_CATALOGS = YES;
				MTL_ENABLE_DEBUG_INFO = INCLUDE_SOURCE;
				MTL_FAST_MATH = YES;
				ONLY_ACTIVE_ARCH = YES;
				SDKROOT = iphoneos;
				SWIFT_ACTIVE_COMPILATION_CONDITIONS = "DEBUG $(inherited)";
				SWIFT_OPTIMIZATION_LEVEL = "-Onone";
			};
			name = Debug;
		};
		F331FFD82BD3D6E900DC7D78 /* Release */ = {
			isa = XCBuildConfiguration;
			buildSettings = {
				ALWAYS_SEARCH_USER_PATHS = NO;
				ASSETCATALOG_COMPILER_GENERATE_SWIFT_ASSET_SYMBOL_EXTENSIONS = YES;
				CLANG_ANALYZER_NONNULL = YES;
				CLANG_ANALYZER_NUMBER_OBJECT_CONVERSION = YES_AGGRESSIVE;
				CLANG_CXX_LANGUAGE_STANDARD = "gnu++20";
				CLANG_ENABLE_MODULES = YES;
				CLANG_ENABLE_OBJC_ARC = YES;
				CLANG_ENABLE_OBJC_WEAK = YES;
				CLANG_WARN_BLOCK_CAPTURE_AUTORELEASING = YES;
				CLANG_WARN_BOOL_CONVERSION = YES;
				CLANG_WARN_COMMA = YES;
				CLANG_WARN_CONSTANT_CONVERSION = YES;
				CLANG_WARN_DEPRECATED_OBJC_IMPLEMENTATIONS = YES;
				CLANG_WARN_DIRECT_OBJC_ISA_USAGE = YES_ERROR;
				CLANG_WARN_DOCUMENTATION_COMMENTS = YES;
				CLANG_WARN_EMPTY_BODY = YES;
				CLANG_WARN_ENUM_CONVERSION = YES;
				CLANG_WARN_INFINITE_RECURSION = YES;
				CLANG_WARN_INT_CONVERSION = YES;
				CLANG_WARN_NON_LITERAL_NULL_CONVERSION = YES;
				CLANG_WARN_OBJC_IMPLICIT_RETAIN_SELF = YES;
				CLANG_WARN_OBJC_LITERAL_CONVERSION = YES;
				CLANG_WARN_OBJC_ROOT_CLASS = YES_ERROR;
				CLANG_WARN_QUOTED_INCLUDE_IN_FRAMEWORK_HEADER = YES;
				CLANG_WARN_RANGE_LOOP_ANALYSIS = YES;
				CLANG_WARN_STRICT_PROTOTYPES = YES;
				CLANG_WARN_SUSPICIOUS_MOVE = YES;
				CLANG_WARN_UNGUARDED_AVAILABILITY = YES_AGGRESSIVE;
				CLANG_WARN_UNREACHABLE_CODE = YES;
				CLANG_WARN__DUPLICATE_METHOD_MATCH = YES;
				COPY_PHASE_STRIP = NO;
				DEBUG_INFORMATION_FORMAT = "dwarf-with-dsym";
				ENABLE_NS_ASSERTIONS = NO;
				ENABLE_STRICT_OBJC_MSGSEND = YES;
				ENABLE_USER_SCRIPT_SANDBOXING = YES;
				GCC_C_LANGUAGE_STANDARD = gnu17;
				GCC_NO_COMMON_BLOCKS = YES;
				GCC_WARN_64_TO_32_BIT_CONVERSION = YES;
				GCC_WARN_ABOUT_RETURN_TYPE = YES_ERROR;
				GCC_WARN_UNDECLARED_SELECTOR = YES;
				GCC_WARN_UNINITIALIZED_AUTOS = YES_AGGRESSIVE;
				GCC_WARN_UNUSED_FUNCTION = YES;
				GCC_WARN_UNUSED_VARIABLE = YES;
				IPHONEOS_DEPLOYMENT_TARGET = 17.0;
				LOCALIZATION_PREFERS_STRING_CATALOGS = YES;
				MTL_ENABLE_DEBUG_INFO = NO;
				MTL_FAST_MATH = YES;
				SDKROOT = iphoneos;
				SWIFT_COMPILATION_MODE = wholemodule;
				VALIDATE_PRODUCT = YES;
			};
			name = Release;
		};
		F331FFDA2BD3D6E900DC7D78 /* Debug */ = {
			isa = XCBuildConfiguration;
			buildSettings = {
				ASSETCATALOG_COMPILER_APPICON_NAME = AppIcon;
				ASSETCATALOG_COMPILER_GLOBAL_ACCENT_COLOR_NAME = AccentColor;
				CODE_SIGN_STYLE = Automatic;
				CURRENT_PROJECT_VERSION = 1;
				GENERATE_INFOPLIST_FILE = YES;
				INFOPLIST_FILE = PersonalityQuiz/Info.plist;
				INFOPLIST_KEY_UIApplicationSupportsIndirectInputEvents = YES;
				INFOPLIST_KEY_UILaunchStoryboardName = LaunchScreen;
				INFOPLIST_KEY_UIMainStoryboardFile = Main;
				INFOPLIST_KEY_UISupportedInterfaceOrientations_iPad = "UIInterfaceOrientationPortrait UIInterfaceOrientationPortraitUpsideDown UIInterfaceOrientationLandscapeLeft UIInterfaceOrientationLandscapeRight";
				INFOPLIST_KEY_UISupportedInterfaceOrientations_iPhone = "UIInterfaceOrientationPortrait UIInterfaceOrientationLandscapeLeft UIInterfaceOrientationLandscapeRight";
				LD_RUNPATH_SEARCH_PATHS = (
					"$(inherited)",
					"@executable_path/Frameworks",
				);
				MARKETING_VERSION = 1.0;
				PRODUCT_BUNDLE_IDENTIFIER = r.PersonalityQuiz;
				PRODUCT_NAME = "$(TARGET_NAME)";
				SWIFT_EMIT_LOC_STRINGS = YES;
				SWIFT_VERSION = 5.0;
				TARGETED_DEVICE_FAMILY = "1,2";
			};
			name = Debug;
		};
		F331FFDB2BD3D6E900DC7D78 /* Release */ = {
			isa = XCBuildConfiguration;
			buildSettings = {
				ASSETCATALOG_COMPILER_APPICON_NAME = AppIcon;
				ASSETCATALOG_COMPILER_GLOBAL_ACCENT_COLOR_NAME = AccentColor;
				CODE_SIGN_STYLE = Automatic;
				CURRENT_PROJECT_VERSION = 1;
				GENERATE_INFOPLIST_FILE = YES;
				INFOPLIST_FILE = PersonalityQuiz/Info.plist;
				INFOPLIST_KEY_UIApplicationSupportsIndirectInputEvents = YES;
				INFOPLIST_KEY_UILaunchStoryboardName = LaunchScreen;
				INFOPLIST_KEY_UIMainStoryboardFile = Main;
				INFOPLIST_KEY_UISupportedInterfaceOrientations_iPad = "UIInterfaceOrientationPortrait UIInterfaceOrientationPortraitUpsideDown UIInterfaceOrientationLandscapeLeft UIInterfaceOrientationLandscapeRight";
				INFOPLIST_KEY_UISupportedInterfaceOrientations_iPhone = "UIInterfaceOrientationPortrait UIInterfaceOrientationLandscapeLeft UIInterfaceOrientationLandscapeRight";
				LD_RUNPATH_SEARCH_PATHS = (
					"$(inherited)",
					"@executable_path/Frameworks",
				);
				MARKETING_VERSION = 1.0;
				PRODUCT_BUNDLE_IDENTIFIER = r.PersonalityQuiz;
				PRODUCT_NAME = "$(TARGET_NAME)";
				SWIFT_EMIT_LOC_STRINGS = YES;
				SWIFT_VERSION = 5.0;
				TARGETED_DEVICE_FAMILY = "1,2";
			};
			name = Release;
		};
		F331FFDD2BD3D6E900DC7D78 /* Debug */ = {
			isa = XCBuildConfiguration;
			buildSettings = {
				ALWAYS_EMBED_SWIFT_STANDARD_LIBRARIES = YES;
				BUNDLE_LOADER = "$(TEST_HOST)";
				CODE_SIGN_STYLE = Automatic;
				CURRENT_PROJECT_VERSION = 1;
				GENERATE_INFOPLIST_FILE = YES;
				IPHONEOS_DEPLOYMENT_TARGET = 17.0;
				MARKETING_VERSION = 1.0;
				PRODUCT_BUNDLE_IDENTIFIER = r.PersonalityQuizTests;
				PRODUCT_NAME = "$(TARGET_NAME)";
				SWIFT_EMIT_LOC_STRINGS = NO;
				SWIFT_VERSION = 5.0;
				TARGETED_DEVICE_FAMILY = "1,2";
				TEST_HOST = "$(BUILT_PRODUCTS_DIR)/PersonalityQuiz.app/$(BUNDLE_EXECUTABLE_FOLDER_PATH)/PersonalityQuiz";
			};
			name = Debug;
		};
		F331FFDE2BD3D6E900DC7D78 /* Release */ = {
			isa = XCBuildConfiguration;
			buildSettings = {
				ALWAYS_EMBED_SWIFT_STANDARD_LIBRARIES = YES;
				BUNDLE_LOADER = "$(TEST_HOST)";
				CODE_SIGN_STYLE = Automatic;
				CURRENT_PROJECT_VERSION = 1;
				GENERATE_INFOPLIST_FILE = YES;
				IPHONEOS_DEPLOYMENT_TARGET = 17.0;
				MARKETING_VERSION = 1.0;
				PRODUCT_BUNDLE_IDENTIFIER = r.PersonalityQuizTests;
				PRODUCT_NAME = "$(TARGET_NAME)";
				SWIFT_EMIT_LOC_STRINGS = NO;
				SWIFT_VERSION = 5.0;
				TARGETED_DEVICE_FAMILY = "1,2";
				TEST_HOST = "$(BUILT_PRODUCTS_DIR)/PersonalityQuiz.app/$(BUNDLE_EXECUTABLE_FOLDER_PATH)/PersonalityQuiz";
			};
			name = Release;
		};
		F331FFE02BD3D6E900DC7D78 /* Debug */ = {
			isa = XCBuildConfiguration;
			buildSettings = {
				ALWAYS_EMBED_SWIFT_STANDARD_LIBRARIES = YES;
				CODE_SIGN_STYLE = Automatic;
				CURRENT_PROJECT_VERSION = 1;
				GENERATE_INFOPLIST_FILE = YES;
				MARKETING_VERSION = 1.0;
				PRODUCT_BUNDLE_IDENTIFIER = r.PersonalityQuizUITests;
				PRODUCT_NAME = "$(TARGET_NAME)";
				SWIFT_EMIT_LOC_STRINGS = NO;
				SWIFT_VERSION = 5.0;
				TARGETED_DEVICE_FAMILY = "1,2";
				TEST_TARGET_NAME = PersonalityQuiz;
			};
			name = Debug;
		};
		F331FFE12BD3D6E900DC7D78 /* Release */ = {
			isa = XCBuildConfiguration;
			buildSettings = {
				ALWAYS_EMBED_SWIFT_STANDARD_LIBRARIES = YES;
				CODE_SIGN_STYLE = Automatic;
				CURRENT_PROJECT_VERSION = 1;
				GENERATE_INFOPLIST_FILE = YES;
				MARKETING_VERSION = 1.0;
				PRODUCT_BUNDLE_IDENTIFIER = r.PersonalityQuizUITests;
				PRODUCT_NAME = "$(TARGET_NAME)";
				SWIFT_EMIT_LOC_STRINGS = NO;
				SWIFT_VERSION = 5.0;
				TARGETED_DEVICE_FAMILY = "1,2";
				TEST_TARGET_NAME = PersonalityQuiz;
			};
			name = Release;
		};
/* End XCBuildConfiguration section */

/* Begin XCConfigurationList section */
		F331FFAA2BD3D6E800DC7D78 /* Build configuration list for PBXProject "PersonalityQuiz" */ = {
			isa = XCConfigurationList;
			buildConfigurations = (
				F331FFD72BD3D6E900DC7D78 /* Debug */,
				F331FFD82BD3D6E900DC7D78 /* Release */,
			);
			defaultConfigurationIsVisible = 0;
			defaultConfigurationName = Release;
		};
		F331FFD92BD3D6E900DC7D78 /* Build configuration list for PBXNativeTarget "PersonalityQuiz" */ = {
			isa = XCConfigurationList;
			buildConfigurations = (
				F331FFDA2BD3D6E900DC7D78 /* Debug */,
				F331FFDB2BD3D6E900DC7D78 /* Release */,
			);
			defaultConfigurationIsVisible = 0;
			defaultConfigurationName = Release;
		};
		F331FFDC2BD3D6E900DC7D78 /* Build configuration list for PBXNativeTarget "PersonalityQuizTests" */ = {
			isa = XCConfigurationList;
			buildConfigurations = (
				F331FFDD2BD3D6E900DC7D78 /* Debug */,
				F331FFDE2BD3D6E900DC7D78 /* Release */,
			);
			defaultConfigurationIsVisible = 0;
			defaultConfigurationName = Release;
		};
		F331FFDF2BD3D6E900DC7D78 /* Build configuration list for PBXNativeTarget "PersonalityQuizUITests" */ = {
			isa = XCConfigurationList;
			buildConfigurations = (
				F331FFE02BD3D6E900DC7D78 /* Debug */,
				F331FFE12BD3D6E900DC7D78 /* Release */,
			);
			defaultConfigurationIsVisible = 0;
			defaultConfigurationName = Release;
		};
/* End XCConfigurationList section */
	};
	rootObject = F331FFA72BD3D6E800DC7D78 /* Project object */;
}
