// !$*UTF8*$!
{
	archiveVersion = 1;
	classes = {
	};
	objectVersion = 56;
	objects = {

/* Begin PBXBuildFile section */
		F3D6BFF02BB08B620051434B /* AppDelegate.swift in Sources */ = {isa = PBXBuildFile; fileRef = F3D6BFEF2BB08B620051434B /* AppDelegate.swift */; };
		F3D6BFF22BB08B620051434B /* SceneDelegate.swift in Sources */ = {isa = PBXBuildFile; fileRef = F3D6BFF12BB08B620051434B /* SceneDelegate.swift */; };
		F3D6BFF42BB08B620051434B /* ViewController.swift in Sources */ = {isa = PBXBuildFile; fileRef = F3D6BFF32BB08B620051434B /* ViewController.swift */; };
		F3D6BFF72BB08B620051434B /* Main.storyboard in Resources */ = {isa = PBXBuildFile; fileRef = F3D6BFF52BB08B620051434B /* Main.storyboard */; };
		F3D6BFF92BB08B630051434B /* Assets.xcassets in Resources */ = {isa = PBXBuildFile; fileRef = F3D6BFF82BB08B630051434B /* Assets.xcassets */; };
		F3D6BFFC2BB08B630051434B /* LaunchScreen.storyboard in Resources */ = {isa = PBXBuildFile; fileRef = F3D6BFFA2BB08B630051434B /* LaunchScreen.storyboard */; };
		F3D6C0072BB08B630051434B /* newsTests.swift in Sources */ = {isa = PBXBuildFile; fileRef = F3D6C0062BB08B630051434B /* newsTests.swift */; };
		F3D6C0112BB08B630051434B /* newsUITests.swift in Sources */ = {isa = PBXBuildFile; fileRef = F3D6C0102BB08B630051434B /* newsUITests.swift */; };
		F3D6C0132BB08B630051434B /* newsUITestsLaunchTests.swift in Sources */ = {isa = PBXBuildFile; fileRef = F3D6C0122BB08B630051434B /* newsUITestsLaunchTests.swift */; };
		F3D6C0242BB08CC70051434B /* TableViewController.swift in Sources */ = {isa = PBXBuildFile; fileRef = F3D6C0232BB08CC70051434B /* TableViewController.swift */; };
		F3D6C0262BB0AC150051434B /* News.swift in Sources */ = {isa = PBXBuildFile; fileRef = F3D6C0252BB0AC150051434B /* News.swift */; };
/* End PBXBuildFile section */

/* Begin PBXContainerItemProxy section */
		F3D6C0032BB08B630051434B /* PBXContainerItemProxy */ = {
			isa = PBXContainerItemProxy;
			containerPortal = F3D6BFE42BB08B620051434B /* Project object */;
			proxyType = 1;
			remoteGlobalIDString = F3D6BFEB2BB08B620051434B;
			remoteInfo = news;
		};
		F3D6C00D2BB08B630051434B /* PBXContainerItemProxy */ = {
			isa = PBXContainerItemProxy;
			containerPortal = F3D6BFE42BB08B620051434B /* Project object */;
			proxyType = 1;
			remoteGlobalIDString = F3D6BFEB2BB08B620051434B;
			remoteInfo = news;
		};
/* End PBXContainerItemProxy section */

/* Begin PBXFileReference section */
		F3D6BFEC2BB08B620051434B /* news.app */ = {isa = PBXFileReference; explicitFileType = wrapper.application; includeInIndex = 0; path = news.app; sourceTree = BUILT_PRODUCTS_DIR; };
		F3D6BFEF2BB08B620051434B /* AppDelegate.swift */ = {isa = PBXFileReference; lastKnownFileType = sourcecode.swift; path = AppDelegate.swift; sourceTree = "<group>"; };
		F3D6BFF12BB08B620051434B /* SceneDelegate.swift */ = {isa = PBXFileReference; lastKnownFileType = sourcecode.swift; path = SceneDelegate.swift; sourceTree = "<group>"; };
		F3D6BFF32BB08B620051434B /* ViewController.swift */ = {isa = PBXFileReference; lastKnownFileType = sourcecode.swift; path = ViewController.swift; sourceTree = "<group>"; };
		F3D6BFF62BB08B620051434B /* Base */ = {isa = PBXFileReference; lastKnownFileType = file.storyboard; name = Base; path = Base.lproj/Main.storyboard; sourceTree = "<group>"; };
		F3D6BFF82BB08B630051434B /* Assets.xcassets */ = {isa = PBXFileReference; lastKnownFileType = folder.assetcatalog; path = Assets.xcassets; sourceTree = "<group>"; };
		F3D6BFFB2BB08B630051434B /* Base */ = {isa = PBXFileReference; lastKnownFileType = file.storyboard; name = Base; path = Base.lproj/LaunchScreen.storyboard; sourceTree = "<group>"; };
		F3D6BFFD2BB08B630051434B /* Info.plist */ = {isa = PBXFileReference; lastKnownFileType = text.plist.xml; path = Info.plist; sourceTree = "<group>"; };
		F3D6C0022BB08B630051434B /* newsTests.xctest */ = {isa = PBXFileReference; explicitFileType = wrapper.cfbundle; includeInIndex = 0; path = newsTests.xctest; sourceTree = BUILT_PRODUCTS_DIR; };
		F3D6C0062BB08B630051434B /* newsTests.swift */ = {isa = PBXFileReference; lastKnownFileType = sourcecode.swift; path = newsTests.swift; sourceTree = "<group>"; };
		F3D6C00C2BB08B630051434B /* newsUITests.xctest */ = {isa = PBXFileReference; explicitFileType = wrapper.cfbundle; includeInIndex = 0; path = newsUITests.xctest; sourceTree = BUILT_PRODUCTS_DIR; };
		F3D6C0102BB08B630051434B /* newsUITests.swift */ = {isa = PBXFileReference; lastKnownFileType = sourcecode.swift; path = newsUITests.swift; sourceTree = "<group>"; };
		F3D6C0122BB08B630051434B /* newsUITestsLaunchTests.swift */ = {isa = PBXFileReference; lastKnownFileType = sourcecode.swift; path = newsUITestsLaunchTests.swift; sourceTree = "<group>"; };
		F3D6C0232BB08CC70051434B /* TableViewController.swift */ = {isa = PBXFileReference; lastKnownFileType = sourcecode.swift; path = TableViewController.swift; sourceTree = "<group>"; };
		F3D6C0252BB0AC150051434B /* News.swift */ = {isa = PBXFileReference; lastKnownFileType = sourcecode.swift; path = News.swift; sourceTree = "<group>"; };
/* End PBXFileReference section */

/* Begin PBXFrameworksBuildPhase section */
		F3D6BFE92BB08B620051434B /* Frameworks */ = {
			isa = PBXFrameworksBuildPhase;
			buildActionMask = 2147483647;
			files = (
			);
			runOnlyForDeploymentPostprocessing = 0;
		};
		F3D6BFFF2BB08B630051434B /* Frameworks */ = {
			isa = PBXFrameworksBuildPhase;
			buildActionMask = 2147483647;
			files = (
			);
			runOnlyForDeploymentPostprocessing = 0;
		};
		F3D6C0092BB08B630051434B /* Frameworks */ = {
			isa = PBXFrameworksBuildPhase;
			buildActionMask = 2147483647;
			files = (
			);
			runOnlyForDeploymentPostprocessing = 0;
		};
/* End PBXFrameworksBuildPhase section */

/* Begin PBXGroup section */
		F3D6BFE32BB08B620051434B = {
			isa = PBXGroup;
			children = (
				F3D6BFEE2BB08B620051434B /* news */,
				F3D6C0052BB08B630051434B /* newsTests */,
				F3D6C00F2BB08B630051434B /* newsUITests */,
				F3D6BFED2BB08B620051434B /* Products */,
			);
			sourceTree = "<group>";
		};
		F3D6BFED2BB08B620051434B /* Products */ = {
			isa = PBXGroup;
			children = (
				F3D6BFEC2BB08B620051434B /* news.app */,
				F3D6C0022BB08B630051434B /* newsTests.xctest */,
				F3D6C00C2BB08B630051434B /* newsUITests.xctest */,
			);
			name = Products;
			sourceTree = "<group>";
		};
		F3D6BFEE2BB08B620051434B /* news */ = {
			isa = PBXGroup;
			children = (
				F3D6BFEF2BB08B620051434B /* AppDelegate.swift */,
				F3D6BFF12BB08B620051434B /* SceneDelegate.swift */,
				F3D6BFF32BB08B620051434B /* ViewController.swift */,
				F3D6C0232BB08CC70051434B /* TableViewController.swift */,
				F3D6C0252BB0AC150051434B /* News.swift */,
				F3D6BFF52BB08B620051434B /* Main.storyboard */,
				F3D6BFF82BB08B630051434B /* Assets.xcassets */,
				F3D6BFFA2BB08B630051434B /* LaunchScreen.storyboard */,
				F3D6BFFD2BB08B630051434B /* Info.plist */,
			);
			path = news;
			sourceTree = "<group>";
		};
		F3D6C0052BB08B630051434B /* newsTests */ = {
			isa = PBXGroup;
			children = (
				F3D6C0062BB08B630051434B /* newsTests.swift */,
			);
			path = newsTests;
			sourceTree = "<group>";
		};
		F3D6C00F2BB08B630051434B /* newsUITests */ = {
			isa = PBXGroup;
			children = (
				F3D6C0102BB08B630051434B /* newsUITests.swift */,
				F3D6C0122BB08B630051434B /* newsUITestsLaunchTests.swift */,
			);
			path = newsUITests;
			sourceTree = "<group>";
		};
/* End PBXGroup section */

/* Begin PBXNativeTarget section */
		F3D6BFEB2BB08B620051434B /* news */ = {
			isa = PBXNativeTarget;
			buildConfigurationList = F3D6C0162BB08B630051434B /* Build configuration list for PBXNativeTarget "news" */;
			buildPhases = (
				F3D6BFE82BB08B620051434B /* Sources */,
				F3D6BFE92BB08B620051434B /* Frameworks */,
				F3D6BFEA2BB08B620051434B /* Resources */,
			);
			buildRules = (
			);
			dependencies = (
			);
			name = news;
			productName = news;
			productReference = F3D6BFEC2BB08B620051434B /* news.app */;
			productType = "com.apple.product-type.application";
		};
		F3D6C0012BB08B630051434B /* newsTests */ = {
			isa = PBXNativeTarget;
			buildConfigurationList = F3D6C0192BB08B630051434B /* Build configuration list for PBXNativeTarget "newsTests" */;
			buildPhases = (
				F3D6BFFE2BB08B630051434B /* Sources */,
				F3D6BFFF2BB08B630051434B /* Frameworks */,
				F3D6C0002BB08B630051434B /* Resources */,
			);
			buildRules = (
			);
			dependencies = (
				F3D6C0042BB08B630051434B /* PBXTargetDependency */,
			);
			name = newsTests;
			productName = newsTests;
			productReference = F3D6C0022BB08B630051434B /* newsTests.xctest */;
			productType = "com.apple.product-type.bundle.unit-test";
		};
		F3D6C00B2BB08B630051434B /* newsUITests */ = {
			isa = PBXNativeTarget;
			buildConfigurationList = F3D6C01C2BB08B630051434B /* Build configuration list for PBXNativeTarget "newsUITests" */;
			buildPhases = (
				F3D6C0082BB08B630051434B /* Sources */,
				F3D6C0092BB08B630051434B /* Frameworks */,
				F3D6C00A2BB08B630051434B /* Resources */,
			);
			buildRules = (
			);
			dependencies = (
				F3D6C00E2BB08B630051434B /* PBXTargetDependency */,
			);
			name = newsUITests;
			productName = newsUITests;
			productReference = F3D6C00C2BB08B630051434B /* newsUITests.xctest */;
			productType = "com.apple.product-type.bundle.ui-testing";
		};
/* End PBXNativeTarget section */

/* Begin PBXProject section */
		F3D6BFE42BB08B620051434B /* Project object */ = {
			isa = PBXProject;
			attributes = {
				BuildIndependentTargetsInParallel = 1;
				LastSwiftUpdateCheck = 1500;
				LastUpgradeCheck = 1500;
				TargetAttributes = {
					F3D6BFEB2BB08B620051434B = {
						CreatedOnToolsVersion = 15.0.1;
					};
					F3D6C0012BB08B630051434B = {
						CreatedOnToolsVersion = 15.0.1;
						TestTargetID = F3D6BFEB2BB08B620051434B;
					};
					F3D6C00B2BB08B630051434B = {
						CreatedOnToolsVersion = 15.0.1;
						TestTargetID = F3D6BFEB2BB08B620051434B;
					};
				};
			};
			buildConfigurationList = F3D6BFE72BB08B620051434B /* Build configuration list for PBXProject "news" */;
			compatibilityVersion = "Xcode 14.0";
			developmentRegion = en;
			hasScannedForEncodings = 0;
			knownRegions = (
				en,
				Base,
			);
			mainGroup = F3D6BFE32BB08B620051434B;
			productRefGroup = F3D6BFED2BB08B620051434B /* Products */;
			projectDirPath = "";
			projectRoot = "";
			targets = (
				F3D6BFEB2BB08B620051434B /* news */,
				F3D6C0012BB08B630051434B /* newsTests */,
				F3D6C00B2BB08B630051434B /* newsUITests */,
			);
		};
/* End PBXProject section */

/* Begin PBXResourcesBuildPhase section */
		F3D6BFEA2BB08B620051434B /* Resources */ = {
			isa = PBXResourcesBuildPhase;
			buildActionMask = 2147483647;
			files = (
				F3D6BFFC2BB08B630051434B /* LaunchScreen.storyboard in Resources */,
				F3D6BFF92BB08B630051434B /* Assets.xcassets in Resources */,
				F3D6BFF72BB08B620051434B /* Main.storyboard in Resources */,
			);
			runOnlyForDeploymentPostprocessing = 0;
		};
		F3D6C0002BB08B630051434B /* Resources */ = {
			isa = PBXResourcesBuildPhase;
			buildActionMask = 2147483647;
			files = (
			);
			runOnlyForDeploymentPostprocessing = 0;
		};
		F3D6C00A2BB08B630051434B /* Resources */ = {
			isa = PBXResourcesBuildPhase;
			buildActionMask = 2147483647;
			files = (
			);
			runOnlyForDeploymentPostprocessing = 0;
		};
/* End PBXResourcesBuildPhase section */

/* Begin PBXSourcesBuildPhase section */
		F3D6BFE82BB08B620051434B /* Sources */ = {
			isa = PBXSourcesBuildPhase;
			buildActionMask = 2147483647;
			files = (
				F3D6C0262BB0AC150051434B /* News.swift in Sources */,
				F3D6BFF42BB08B620051434B /* ViewController.swift in Sources */,
				F3D6BFF02BB08B620051434B /* AppDelegate.swift in Sources */,
				F3D6C0242BB08CC70051434B /* TableViewController.swift in Sources */,
				F3D6BFF22BB08B620051434B /* SceneDelegate.swift in Sources */,
			);
			runOnlyForDeploymentPostprocessing = 0;
		};
		F3D6BFFE2BB08B630051434B /* Sources */ = {
			isa = PBXSourcesBuildPhase;
			buildActionMask = 2147483647;
			files = (
				F3D6C0072BB08B630051434B /* newsTests.swift in Sources */,
			);
			runOnlyForDeploymentPostprocessing = 0;
		};
		F3D6C0082BB08B630051434B /* Sources */ = {
			isa = PBXSourcesBuildPhase;
			buildActionMask = 2147483647;
			files = (
				F3D6C0112BB08B630051434B /* newsUITests.swift in Sources */,
				F3D6C0132BB08B630051434B /* newsUITestsLaunchTests.swift in Sources */,
			);
			runOnlyForDeploymentPostprocessing = 0;
		};
/* End PBXSourcesBuildPhase section */

/* Begin PBXTargetDependency section */
		F3D6C0042BB08B630051434B /* PBXTargetDependency */ = {
			isa = PBXTargetDependency;
			target = F3D6BFEB2BB08B620051434B /* news */;
			targetProxy = F3D6C0032BB08B630051434B /* PBXContainerItemProxy */;
		};
		F3D6C00E2BB08B630051434B /* PBXTargetDependency */ = {
			isa = PBXTargetDependency;
			target = F3D6BFEB2BB08B620051434B /* news */;
			targetProxy = F3D6C00D2BB08B630051434B /* PBXContainerItemProxy */;
		};
/* End PBXTargetDependency section */

/* Begin PBXVariantGroup section */
		F3D6BFF52BB08B620051434B /* Main.storyboard */ = {
			isa = PBXVariantGroup;
			children = (
				F3D6BFF62BB08B620051434B /* Base */,
			);
			name = Main.storyboard;
			sourceTree = "<group>";
		};
		F3D6BFFA2BB08B630051434B /* LaunchScreen.storyboard */ = {
			isa = PBXVariantGroup;
			children = (
				F3D6BFFB2BB08B630051434B /* Base */,
			);
			name = LaunchScreen.storyboard;
			sourceTree = "<group>";
		};
/* End PBXVariantGroup section */

/* Begin XCBuildConfiguration section */
		F3D6C0142BB08B630051434B /* Debug */ = {
			isa = XCBuildConfiguration;
			buildSettings = {
				ALWAYS_SEARCH_USER_PATHS = NO;
				ASSETCATALOG_COMPILER_GENERATE_SWIFT_ASSET_SYMBOL_EXTENSIONS = YES;
				CLANG_ANALYZER_NONNULL = YES;
				CLANG_ANALYZER_NUMBER_OBJECT_CONVERSION = YES_AGGRESSIVE;
				CLANG_CXX_LANGUAGE_STANDARD = "gnu++20";
				CLANG_ENABLE_MODULES = YES;
				CLANG_ENABLE_OBJC_ARC = YES;
				CLANG_ENABLE_OBJC_WEAK = YES;
				CLANG_WARN_BLOCK_CAPTURE_AUTORELEASING = YES;
				CLANG_WARN_BOOL_CONVERSION = YES;
				CLANG_WARN_COMMA = YES;
				CLANG_WARN_CONSTANT_CONVERSION = YES;
				CLANG_WARN_DEPRECATED_OBJC_IMPLEMENTATIONS = YES;
				CLANG_WARN_DIRECT_OBJC_ISA_USAGE = YES_ERROR;
				CLANG_WARN_DOCUMENTATION_COMMENTS = YES;
				CLANG_WARN_EMPTY_BODY = YES;
				CLANG_WARN_ENUM_CONVERSION = YES;
				CLANG_WARN_INFINITE_RECURSION = YES;
				CLANG_WARN_INT_CONVERSION = YES;
				CLANG_WARN_NON_LITERAL_NULL_CONVERSION = YES;
				CLANG_WARN_OBJC_IMPLICIT_RETAIN_SELF = YES;
				CLANG_WARN_OBJC_LITERAL_CONVERSION = YES;
				CLANG_WARN_OBJC_ROOT_CLASS = YES_ERROR;
				CLANG_WARN_QUOTED_INCLUDE_IN_FRAMEWORK_HEADER = YES;
				CLANG_WARN_RANGE_LOOP_ANALYSIS = YES;
				CLANG_WARN_STRICT_PROTOTYPES = YES;
				CLANG_WARN_SUSPICIOUS_MOVE = YES;
				CLANG_WARN_UNGUARDED_AVAILABILITY = YES_AGGRESSIVE;
				CLANG_WARN_UNREACHABLE_CODE = YES;
				CLANG_WARN__DUPLICATE_METHOD_MATCH = YES;
				COPY_PHASE_STRIP = NO;
				DEBUG_INFORMATION_FORMAT = dwarf;
				ENABLE_STRICT_OBJC_MSGSEND = YES;
				ENABLE_TESTABILITY = YES;
				ENABLE_USER_SCRIPT_SANDBOXING = YES;
				GCC_C_LANGUAGE_STANDARD = gnu17;
				GCC_DYNAMIC_NO_PIC = NO;
				GCC_NO_COMMON_BLOCKS = YES;
				GCC_OPTIMIZATION_LEVEL = 0;
				GCC_PREPROCESSOR_DEFINITIONS = (
					"DEBUG=1",
					"$(inherited)",
				);
				GCC_WARN_64_TO_32_BIT_CONVERSION = YES;
				GCC_WARN_ABOUT_RETURN_TYPE = YES_ERROR;
				GCC_WARN_UNDECLARED_SELECTOR = YES;
				GCC_WARN_UNINITIALIZED_AUTOS = YES_AGGRESSIVE;
				GCC_WARN_UNUSED_FUNCTION = YES;
				GCC_WARN_UNUSED_VARIABLE = YES;
				IPHONEOS_DEPLOYMENT_TARGET = 17.0;
				LOCALIZATION_PREFERS_STRING_CATALOGS = YES;
				MTL_ENABLE_DEBUG_INFO = INCLUDE_SOURCE;
				MTL_FAST_MATH = YES;
				ONLY_ACTIVE_ARCH = YES;
				SDKROOT = iphoneos;
				SWIFT_ACTIVE_COMPILATION_CONDITIONS = "DEBUG $(inherited)";
				SWIFT_OPTIMIZATION_LEVEL = "-Onone";
			};
			name = Debug;
		};
		F3D6C0152BB08B630051434B /* Release */ = {
			isa = XCBuildConfiguration;
			buildSettings = {
				ALWAYS_SEARCH_USER_PATHS = NO;
				ASSETCATALOG_COMPILER_GENERATE_SWIFT_ASSET_SYMBOL_EXTENSIONS = YES;
				CLANG_ANALYZER_NONNULL = YES;
				CLANG_ANALYZER_NUMBER_OBJECT_CONVERSION = YES_AGGRESSIVE;
				CLANG_CXX_LANGUAGE_STANDARD = "gnu++20";
				CLANG_ENABLE_MODULES = YES;
				CLANG_ENABLE_OBJC_ARC = YES;
				CLANG_ENABLE_OBJC_WEAK = YES;
				CLANG_WARN_BLOCK_CAPTURE_AUTORELEASING = YES;
				CLANG_WARN_BOOL_CONVERSION = YES;
				CLANG_WARN_COMMA = YES;
				CLANG_WARN_CONSTANT_CONVERSION = YES;
				CLANG_WARN_DEPRECATED_OBJC_IMPLEMENTATIONS = YES;
				CLANG_WARN_DIRECT_OBJC_ISA_USAGE = YES_ERROR;
				CLANG_WARN_DOCUMENTATION_COMMENTS = YES;
				CLANG_WARN_EMPTY_BODY = YES;
				CLANG_WARN_ENUM_CONVERSION = YES;
				CLANG_WARN_INFINITE_RECURSION = YES;
				CLANG_WARN_INT_CONVERSION = YES;
				CLANG_WARN_NON_LITERAL_NULL_CONVERSION = YES;
				CLANG_WARN_OBJC_IMPLICIT_RETAIN_SELF = YES;
				CLANG_WARN_OBJC_LITERAL_CONVERSION = YES;
				CLANG_WARN_OBJC_ROOT_CLASS = YES_ERROR;
				CLANG_WARN_QUOTED_INCLUDE_IN_FRAMEWORK_HEADER = YES;
				CLANG_WARN_RANGE_LOOP_ANALYSIS = YES;
				CLANG_WARN_STRICT_PROTOTYPES = YES;
				CLANG_WARN_SUSPICIOUS_MOVE = YES;
				CLANG_WARN_UNGUARDED_AVAILABILITY = YES_AGGRESSIVE;
				CLANG_WARN_UNREACHABLE_CODE = YES;
				CLANG_WARN__DUPLICATE_METHOD_MATCH = YES;
				COPY_PHASE_STRIP = NO;
				DEBUG_INFORMATION_FORMAT = "dwarf-with-dsym";
				ENABLE_NS_ASSERTIONS = NO;
				ENABLE_STRICT_OBJC_MSGSEND = YES;
				ENABLE_USER_SCRIPT_SANDBOXING = YES;
				GCC_C_LANGUAGE_STANDARD = gnu17;
				GCC_NO_COMMON_BLOCKS = YES;
				GCC_WARN_64_TO_32_BIT_CONVERSION = YES;
				GCC_WARN_ABOUT_RETURN_TYPE = YES_ERROR;
				GCC_WARN_UNDECLARED_SELECTOR = YES;
				GCC_WARN_UNINITIALIZED_AUTOS = YES_AGGRESSIVE;
				GCC_WARN_UNUSED_FUNCTION = YES;
				GCC_WARN_UNUSED_VARIABLE = YES;
				IPHONEOS_DEPLOYMENT_TARGET = 17.0;
				LOCALIZATION_PREFERS_STRING_CATALOGS = YES;
				MTL_ENABLE_DEBUG_INFO = NO;
				MTL_FAST_MATH = YES;
				SDKROOT = iphoneos;
				SWIFT_COMPILATION_MODE = wholemodule;
				VALIDATE_PRODUCT = YES;
			};
			name = Release;
		};
		F3D6C0172BB08B630051434B /* Debug */ = {
			isa = XCBuildConfiguration;
			buildSettings = {
				ASSETCATALOG_COMPILER_APPICON_NAME = AppIcon;
				ASSETCATALOG_COMPILER_GLOBAL_ACCENT_COLOR_NAME = AccentColor;
				CODE_SIGN_STYLE = Automatic;
				CURRENT_PROJECT_VERSION = 1;
				GENERATE_INFOPLIST_FILE = YES;
				INFOPLIST_FILE = news/Info.plist;
				INFOPLIST_KEY_UIApplicationSupportsIndirectInputEvents = YES;
				INFOPLIST_KEY_UILaunchStoryboardName = LaunchScreen;
				INFOPLIST_KEY_UIMainStoryboardFile = Main;
				INFOPLIST_KEY_UISupportedInterfaceOrientations_iPad = "UIInterfaceOrientationPortrait UIInterfaceOrientationPortraitUpsideDown UIInterfaceOrientationLandscapeLeft UIInterfaceOrientationLandscapeRight";
				INFOPLIST_KEY_UISupportedInterfaceOrientations_iPhone = "UIInterfaceOrientationPortrait UIInterfaceOrientationLandscapeLeft UIInterfaceOrientationLandscapeRight";
				LD_RUNPATH_SEARCH_PATHS = (
					"$(inherited)",
					"@executable_path/Frameworks",
				);
				MARKETING_VERSION = 1.0;
				PRODUCT_BUNDLE_IDENTIFIER = r.news;
				PRODUCT_NAME = "$(TARGET_NAME)";
				SWIFT_EMIT_LOC_STRINGS = YES;
				SWIFT_VERSION = 5.0;
				TARGETED_DEVICE_FAMILY = "1,2";
			};
			name = Debug;
		};
		F3D6C0182BB08B630051434B /* Release */ = {
			isa = XCBuildConfiguration;
			buildSettings = {
				ASSETCATALOG_COMPILER_APPICON_NAME = AppIcon;
				ASSETCATALOG_COMPILER_GLOBAL_ACCENT_COLOR_NAME = AccentColor;
				CODE_SIGN_STYLE = Automatic;
				CURRENT_PROJECT_VERSION = 1;
				GENERATE_INFOPLIST_FILE = YES;
				INFOPLIST_FILE = news/Info.plist;
				INFOPLIST_KEY_UIApplicationSupportsIndirectInputEvents = YES;
				INFOPLIST_KEY_UILaunchStoryboardName = LaunchScreen;
				INFOPLIST_KEY_UIMainStoryboardFile = Main;
				INFOPLIST_KEY_UISupportedInterfaceOrientations_iPad = "UIInterfaceOrientationPortrait UIInterfaceOrientationPortraitUpsideDown UIInterfaceOrientationLandscapeLeft UIInterfaceOrientationLandscapeRight";
				INFOPLIST_KEY_UISupportedInterfaceOrientations_iPhone = "UIInterfaceOrientationPortrait UIInterfaceOrientationLandscapeLeft UIInterfaceOrientationLandscapeRight";
				LD_RUNPATH_SEARCH_PATHS = (
					"$(inherited)",
					"@executable_path/Frameworks",
				);
				MARKETING_VERSION = 1.0;
				PRODUCT_BUNDLE_IDENTIFIER = r.news;
				PRODUCT_NAME = "$(TARGET_NAME)";
				SWIFT_EMIT_LOC_STRINGS = YES;
				SWIFT_VERSION = 5.0;
				TARGETED_DEVICE_FAMILY = "1,2";
			};
			name = Release;
		};
		F3D6C01A2BB08B630051434B /* Debug */ = {
			isa = XCBuildConfiguration;
			buildSettings = {
				ALWAYS_EMBED_SWIFT_STANDARD_LIBRARIES = YES;
				BUNDLE_LOADER = "$(TEST_HOST)";
				CODE_SIGN_STYLE = Automatic;
				CURRENT_PROJECT_VERSION = 1;
				GENERATE_INFOPLIST_FILE = YES;
				IPHONEOS_DEPLOYMENT_TARGET = 17.0;
				MARKETING_VERSION = 1.0;
				PRODUCT_BUNDLE_IDENTIFIER = r.newsTests;
				PRODUCT_NAME = "$(TARGET_NAME)";
				SWIFT_EMIT_LOC_STRINGS = NO;
				SWIFT_VERSION = 5.0;
				TARGETED_DEVICE_FAMILY = "1,2";
				TEST_HOST = "$(BUILT_PRODUCTS_DIR)/news.app/$(BUNDLE_EXECUTABLE_FOLDER_PATH)/news";
			};
			name = Debug;
		};
		F3D6C01B2BB08B630051434B /* Release */ = {
			isa = XCBuildConfiguration;
			buildSettings = {
				ALWAYS_EMBED_SWIFT_STANDARD_LIBRARIES = YES;
				BUNDLE_LOADER = "$(TEST_HOST)";
				CODE_SIGN_STYLE = Automatic;
				CURRENT_PROJECT_VERSION = 1;
				GENERATE_INFOPLIST_FILE = YES;
				IPHONEOS_DEPLOYMENT_TARGET = 17.0;
				MARKETING_VERSION = 1.0;
				PRODUCT_BUNDLE_IDENTIFIER = r.newsTests;
				PRODUCT_NAME = "$(TARGET_NAME)";
				SWIFT_EMIT_LOC_STRINGS = NO;
				SWIFT_VERSION = 5.0;
				TARGETED_DEVICE_FAMILY = "1,2";
				TEST_HOST = "$(BUILT_PRODUCTS_DIR)/news.app/$(BUNDLE_EXECUTABLE_FOLDER_PATH)/news";
			};
			name = Release;
		};
		F3D6C01D2BB08B630051434B /* Debug */ = {
			isa = XCBuildConfiguration;
			buildSettings = {
				ALWAYS_EMBED_SWIFT_STANDARD_LIBRARIES = YES;
				CODE_SIGN_STYLE = Automatic;
				CURRENT_PROJECT_VERSION = 1;
				GENERATE_INFOPLIST_FILE = YES;
				MARKETING_VERSION = 1.0;
				PRODUCT_BUNDLE_IDENTIFIER = r.newsUITests;
				PRODUCT_NAME = "$(TARGET_NAME)";
				SWIFT_EMIT_LOC_STRINGS = NO;
				SWIFT_VERSION = 5.0;
				TARGETED_DEVICE_FAMILY = "1,2";
				TEST_TARGET_NAME = news;
			};
			name = Debug;
		};
		F3D6C01E2BB08B630051434B /* Release */ = {
			isa = XCBuildConfiguration;
			buildSettings = {
				ALWAYS_EMBED_SWIFT_STANDARD_LIBRARIES = YES;
				CODE_SIGN_STYLE = Automatic;
				CURRENT_PROJECT_VERSION = 1;
				GENERATE_INFOPLIST_FILE = YES;
				MARKETING_VERSION = 1.0;
				PRODUCT_BUNDLE_IDENTIFIER = r.newsUITests;
				PRODUCT_NAME = "$(TARGET_NAME)";
				SWIFT_EMIT_LOC_STRINGS = NO;
				SWIFT_VERSION = 5.0;
				TARGETED_DEVICE_FAMILY = "1,2";
				TEST_TARGET_NAME = news;
			};
			name = Release;
		};
/* End XCBuildConfiguration section */

/* Begin XCConfigurationList section */
		F3D6BFE72BB08B620051434B /* Build configuration list for PBXProject "news" */ = {
			isa = XCConfigurationList;
			buildConfigurations = (
				F3D6C0142BB08B630051434B /* Debug */,
				F3D6C0152BB08B630051434B /* Release */,
			);
			defaultConfigurationIsVisible = 0;
			defaultConfigurationName = Release;
		};
		F3D6C0162BB08B630051434B /* Build configuration list for PBXNativeTarget "news" */ = {
			isa = XCConfigurationList;
			buildConfigurations = (
				F3D6C0172BB08B630051434B /* Debug */,
				F3D6C0182BB08B630051434B /* Release */,
			);
			defaultConfigurationIsVisible = 0;
			defaultConfigurationName = Release;
		};
		F3D6C0192BB08B630051434B /* Build configuration list for PBXNativeTarget "newsTests" */ = {
			isa = XCConfigurationList;
			buildConfigurations = (
				F3D6C01A2BB08B630051434B /* Debug */,
				F3D6C01B2BB08B630051434B /* Release */,
			);
			defaultConfigurationIsVisible = 0;
			defaultConfigurationName = Release;
		};
		F3D6C01C2BB08B630051434B /* Build configuration list for PBXNativeTarget "newsUITests" */ = {
			isa = XCConfigurationList;
			buildConfigurations = (
				F3D6C01D2BB08B630051434B /* Debug */,
				F3D6C01E2BB08B630051434B /* Release */,
			);
			defaultConfigurationIsVisible = 0;
			defaultConfigurationName = Release;
		};
/* End XCConfigurationList section */
	};
	rootObject = F3D6BFE42BB08B620051434B /* Project object */;
}
