// !$*UTF8*$!
{
	archiveVersion = 1;
	classes = {
	};
	objectVersion = 56;
	objects = {

/* Begin PBXBuildFile section */
		F35793B62B8DEDAA009F9EC4 /* AppDelegate.swift in Sources */ = {isa = PBXBuildFile; fileRef = F35793B52B8DEDAA009F9EC4 /* AppDelegate.swift */; };
		F35793B82B8DEDAA009F9EC4 /* SceneDelegate.swift in Sources */ = {isa = PBXBuildFile; fileRef = F35793B72B8DEDAA009F9EC4 /* SceneDelegate.swift */; };
		F35793BA2B8DEDAA009F9EC4 /* ViewController.swift in Sources */ = {isa = PBXBuildFile; fileRef = F35793B92B8DEDAA009F9EC4 /* ViewController.swift */; };
		F35793BD2B8DEDAA009F9EC4 /* Main.storyboard in Resources */ = {isa = PBXBuildFile; fileRef = F35793BB2B8DEDAA009F9EC4 /* Main.storyboard */; };
		F35793BF2B8DEDAB009F9EC4 /* Assets.xcassets in Resources */ = {isa = PBXBuildFile; fileRef = F35793BE2B8DEDAB009F9EC4 /* Assets.xcassets */; };
		F35793C22B8DEDAB009F9EC4 /* LaunchScreen.storyboard in Resources */ = {isa = PBXBuildFile; fileRef = F35793C02B8DEDAB009F9EC4 /* LaunchScreen.storyboard */; };
		F35793CD2B8DEDAB009F9EC4 /* ToDoListTests.swift in Sources */ = {isa = PBXBuildFile; fileRef = F35793CC2B8DEDAB009F9EC4 /* ToDoListTests.swift */; };
		F35793D72B8DEDAB009F9EC4 /* ToDoListUITests.swift in Sources */ = {isa = PBXBuildFile; fileRef = F35793D62B8DEDAB009F9EC4 /* ToDoListUITests.swift */; };
		F35793D92B8DEDAB009F9EC4 /* ToDoListUITestsLaunchTests.swift in Sources */ = {isa = PBXBuildFile; fileRef = F35793D82B8DEDAB009F9EC4 /* ToDoListUITestsLaunchTests.swift */; };
		F35793E62B8DF4BD009F9EC4 /* TableViewController.swift in Sources */ = {isa = PBXBuildFile; fileRef = F35793E52B8DF4BD009F9EC4 /* TableViewController.swift */; };
		F38148442B9B149100E0151C /* taskItem.swift in Sources */ = {isa = PBXBuildFile; fileRef = F38148432B9B149100E0151C /* taskItem.swift */; };
/* End PBXBuildFile section */

/* Begin PBXContainerItemProxy section */
		F35793C92B8DEDAB009F9EC4 /* PBXContainerItemProxy */ = {
			isa = PBXContainerItemProxy;
			containerPortal = F35793AA2B8DEDAA009F9EC4 /* Project object */;
			proxyType = 1;
			remoteGlobalIDString = F35793B12B8DEDAA009F9EC4;
			remoteInfo = ToDoList;
		};
		F35793D32B8DEDAB009F9EC4 /* PBXContainerItemProxy */ = {
			isa = PBXContainerItemProxy;
			containerPortal = F35793AA2B8DEDAA009F9EC4 /* Project object */;
			proxyType = 1;
			remoteGlobalIDString = F35793B12B8DEDAA009F9EC4;
			remoteInfo = ToDoList;
		};
/* End PBXContainerItemProxy section */

/* Begin PBXFileReference section */
		F35793B22B8DEDAA009F9EC4 /* ToDoList.app */ = {isa = PBXFileReference; explicitFileType = wrapper.application; includeInIndex = 0; path = ToDoList.app; sourceTree = BUILT_PRODUCTS_DIR; };
		F35793B52B8DEDAA009F9EC4 /* AppDelegate.swift */ = {isa = PBXFileReference; lastKnownFileType = sourcecode.swift; path = AppDelegate.swift; sourceTree = "<group>"; };
		F35793B72B8DEDAA009F9EC4 /* SceneDelegate.swift */ = {isa = PBXFileReference; lastKnownFileType = sourcecode.swift; path = SceneDelegate.swift; sourceTree = "<group>"; };
		F35793B92B8DEDAA009F9EC4 /* ViewController.swift */ = {isa = PBXFileReference; lastKnownFileType = sourcecode.swift; path = ViewController.swift; sourceTree = "<group>"; };
		F35793BC2B8DEDAA009F9EC4 /* Base */ = {isa = PBXFileReference; lastKnownFileType = file.storyboard; name = Base; path = Base.lproj/Main.storyboard; sourceTree = "<group>"; };
		F35793BE2B8DEDAB009F9EC4 /* Assets.xcassets */ = {isa = PBXFileReference; lastKnownFileType = folder.assetcatalog; path = Assets.xcassets; sourceTree = "<group>"; };
		F35793C12B8DEDAB009F9EC4 /* Base */ = {isa = PBXFileReference; lastKnownFileType = file.storyboard; name = Base; path = Base.lproj/LaunchScreen.storyboard; sourceTree = "<group>"; };
		F35793C32B8DEDAB009F9EC4 /* Info.plist */ = {isa = PBXFileReference; lastKnownFileType = text.plist.xml; path = Info.plist; sourceTree = "<group>"; };
		F35793C82B8DEDAB009F9EC4 /* ToDoListTests.xctest */ = {isa = PBXFileReference; explicitFileType = wrapper.cfbundle; includeInIndex = 0; path = ToDoListTests.xctest; sourceTree = BUILT_PRODUCTS_DIR; };
		F35793CC2B8DEDAB009F9EC4 /* ToDoListTests.swift */ = {isa = PBXFileReference; lastKnownFileType = sourcecode.swift; path = ToDoListTests.swift; sourceTree = "<group>"; };
		F35793D22B8DEDAB009F9EC4 /* ToDoListUITests.xctest */ = {isa = PBXFileReference; explicitFileType = wrapper.cfbundle; includeInIndex = 0; path = ToDoListUITests.xctest; sourceTree = BUILT_PRODUCTS_DIR; };
		F35793D62B8DEDAB009F9EC4 /* ToDoListUITests.swift */ = {isa = PBXFileReference; lastKnownFileType = sourcecode.swift; path = ToDoListUITests.swift; sourceTree = "<group>"; };
		F35793D82B8DEDAB009F9EC4 /* ToDoListUITestsLaunchTests.swift */ = {isa = PBXFileReference; lastKnownFileType = sourcecode.swift; path = ToDoListUITestsLaunchTests.swift; sourceTree = "<group>"; };
		F35793E52B8DF4BD009F9EC4 /* TableViewController.swift */ = {isa = PBXFileReference; lastKnownFileType = sourcecode.swift; path = TableViewController.swift; sourceTree = "<group>"; };
		F38148432B9B149100E0151C /* taskItem.swift */ = {isa = PBXFileReference; lastKnownFileType = sourcecode.swift; path = taskItem.swift; sourceTree = "<group>"; };
/* End PBXFileReference section */

/* Begin PBXFrameworksBuildPhase section */
		F35793AF2B8DEDAA009F9EC4 /* Frameworks */ = {
			isa = PBXFrameworksBuildPhase;
			buildActionMask = 2147483647;
			files = (
			);
			runOnlyForDeploymentPostprocessing = 0;
		};
		F35793C52B8DEDAB009F9EC4 /* Frameworks */ = {
			isa = PBXFrameworksBuildPhase;
			buildActionMask = 2147483647;
			files = (
			);
			runOnlyForDeploymentPostprocessing = 0;
		};
		F35793CF2B8DEDAB009F9EC4 /* Frameworks */ = {
			isa = PBXFrameworksBuildPhase;
			buildActionMask = 2147483647;
			files = (
			);
			runOnlyForDeploymentPostprocessing = 0;
		};
/* End PBXFrameworksBuildPhase section */

/* Begin PBXGroup section */
		F35793A92B8DEDAA009F9EC4 = {
			isa = PBXGroup;
			children = (
				F35793B42B8DEDAA009F9EC4 /* ToDoList */,
				F35793CB2B8DEDAB009F9EC4 /* ToDoListTests */,
				F35793D52B8DEDAB009F9EC4 /* ToDoListUITests */,
				F35793B32B8DEDAA009F9EC4 /* Products */,
			);
			sourceTree = "<group>";
		};
		F35793B32B8DEDAA009F9EC4 /* Products */ = {
			isa = PBXGroup;
			children = (
				F35793B22B8DEDAA009F9EC4 /* ToDoList.app */,
				F35793C82B8DEDAB009F9EC4 /* ToDoListTests.xctest */,
				F35793D22B8DEDAB009F9EC4 /* ToDoListUITests.xctest */,
			);
			name = Products;
			sourceTree = "<group>";
		};
		F35793B42B8DEDAA009F9EC4 /* ToDoList */ = {
			isa = PBXGroup;
			children = (
				F35793B52B8DEDAA009F9EC4 /* AppDelegate.swift */,
				F35793B72B8DEDAA009F9EC4 /* SceneDelegate.swift */,
				F35793B92B8DEDAA009F9EC4 /* ViewController.swift */,
				F38148432B9B149100E0151C /* taskItem.swift */,
				F35793E52B8DF4BD009F9EC4 /* TableViewController.swift */,
				F35793BB2B8DEDAA009F9EC4 /* Main.storyboard */,
				F35793BE2B8DEDAB009F9EC4 /* Assets.xcassets */,
				F35793C02B8DEDAB009F9EC4 /* LaunchScreen.storyboard */,
				F35793C32B8DEDAB009F9EC4 /* Info.plist */,
			);
			path = ToDoList;
			sourceTree = "<group>";
		};
		F35793CB2B8DEDAB009F9EC4 /* ToDoListTests */ = {
			isa = PBXGroup;
			children = (
				F35793CC2B8DEDAB009F9EC4 /* ToDoListTests.swift */,
			);
			path = ToDoListTests;
			sourceTree = "<group>";
		};
		F35793D52B8DEDAB009F9EC4 /* ToDoListUITests */ = {
			isa = PBXGroup;
			children = (
				F35793D62B8DEDAB009F9EC4 /* ToDoListUITests.swift */,
				F35793D82B8DEDAB009F9EC4 /* ToDoListUITestsLaunchTests.swift */,
			);
			path = ToDoListUITests;
			sourceTree = "<group>";
		};
/* End PBXGroup section */

/* Begin PBXNativeTarget section */
		F35793B12B8DEDAA009F9EC4 /* ToDoList */ = {
			isa = PBXNativeTarget;
			buildConfigurationList = F35793DC2B8DEDAB009F9EC4 /* Build configuration list for PBXNativeTarget "ToDoList" */;
			buildPhases = (
				F35793AE2B8DEDAA009F9EC4 /* Sources */,
				F35793AF2B8DEDAA009F9EC4 /* Frameworks */,
				F35793B02B8DEDAA009F9EC4 /* Resources */,
			);
			buildRules = (
			);
			dependencies = (
			);
			name = ToDoList;
			productName = ToDoList;
			productReference = F35793B22B8DEDAA009F9EC4 /* ToDoList.app */;
			productType = "com.apple.product-type.application";
		};
		F35793C72B8DEDAB009F9EC4 /* ToDoListTests */ = {
			isa = PBXNativeTarget;
			buildConfigurationList = F35793DF2B8DEDAB009F9EC4 /* Build configuration list for PBXNativeTarget "ToDoListTests" */;
			buildPhases = (
				F35793C42B8DEDAB009F9EC4 /* Sources */,
				F35793C52B8DEDAB009F9EC4 /* Frameworks */,
				F35793C62B8DEDAB009F9EC4 /* Resources */,
			);
			buildRules = (
			);
			dependencies = (
				F35793CA2B8DEDAB009F9EC4 /* PBXTargetDependency */,
			);
			name = ToDoListTests;
			productName = ToDoListTests;
			productReference = F35793C82B8DEDAB009F9EC4 /* ToDoListTests.xctest */;
			productType = "com.apple.product-type.bundle.unit-test";
		};
		F35793D12B8DEDAB009F9EC4 /* ToDoListUITests */ = {
			isa = PBXNativeTarget;
			buildConfigurationList = F35793E22B8DEDAB009F9EC4 /* Build configuration list for PBXNativeTarget "ToDoListUITests" */;
			buildPhases = (
				F35793CE2B8DEDAB009F9EC4 /* Sources */,
				F35793CF2B8DEDAB009F9EC4 /* Frameworks */,
				F35793D02B8DEDAB009F9EC4 /* Resources */,
			);
			buildRules = (
			);
			dependencies = (
				F35793D42B8DEDAB009F9EC4 /* PBXTargetDependency */,
			);
			name = ToDoListUITests;
			productName = ToDoListUITests;
			productReference = F35793D22B8DEDAB009F9EC4 /* ToDoListUITests.xctest */;
			productType = "com.apple.product-type.bundle.ui-testing";
		};
/* End PBXNativeTarget section */

/* Begin PBXProject section */
		F35793AA2B8DEDAA009F9EC4 /* Project object */ = {
			isa = PBXProject;
			attributes = {
				BuildIndependentTargetsInParallel = 1;
				LastSwiftUpdateCheck = 1500;
				LastUpgradeCheck = 1500;
				TargetAttributes = {
					F35793B12B8DEDAA009F9EC4 = {
						CreatedOnToolsVersion = 15.0.1;
					};
					F35793C72B8DEDAB009F9EC4 = {
						CreatedOnToolsVersion = 15.0.1;
						TestTargetID = F35793B12B8DEDAA009F9EC4;
					};
					F35793D12B8DEDAB009F9EC4 = {
						CreatedOnToolsVersion = 15.0.1;
						TestTargetID = F35793B12B8DEDAA009F9EC4;
					};
				};
			};
			buildConfigurationList = F35793AD2B8DEDAA009F9EC4 /* Build configuration list for PBXProject "ToDoList" */;
			compatibilityVersion = "Xcode 14.0";
			developmentRegion = en;
			hasScannedForEncodings = 0;
			knownRegions = (
				en,
				Base,
			);
			mainGroup = F35793A92B8DEDAA009F9EC4;
			productRefGroup = F35793B32B8DEDAA009F9EC4 /* Products */;
			projectDirPath = "";
			projectRoot = "";
			targets = (
				F35793B12B8DEDAA009F9EC4 /* ToDoList */,
				F35793C72B8DEDAB009F9EC4 /* ToDoListTests */,
				F35793D12B8DEDAB009F9EC4 /* ToDoListUITests */,
			);
		};
/* End PBXProject section */

/* Begin PBXResourcesBuildPhase section */
		F35793B02B8DEDAA009F9EC4 /* Resources */ = {
			isa = PBXResourcesBuildPhase;
			buildActionMask = 2147483647;
			files = (
				F35793C22B8DEDAB009F9EC4 /* LaunchScreen.storyboard in Resources */,
				F35793BF2B8DEDAB009F9EC4 /* Assets.xcassets in Resources */,
				F35793BD2B8DEDAA009F9EC4 /* Main.storyboard in Resources */,
			);
			runOnlyForDeploymentPostprocessing = 0;
		};
		F35793C62B8DEDAB009F9EC4 /* Resources */ = {
			isa = PBXResourcesBuildPhase;
			buildActionMask = 2147483647;
			files = (
			);
			runOnlyForDeploymentPostprocessing = 0;
		};
		F35793D02B8DEDAB009F9EC4 /* Resources */ = {
			isa = PBXResourcesBuildPhase;
			buildActionMask = 2147483647;
			files = (
			);
			runOnlyForDeploymentPostprocessing = 0;
		};
/* End PBXResourcesBuildPhase section */

/* Begin PBXSourcesBuildPhase section */
		F35793AE2B8DEDAA009F9EC4 /* Sources */ = {
			isa = PBXSourcesBuildPhase;
			buildActionMask = 2147483647;
			files = (
				F35793BA2B8DEDAA009F9EC4 /* ViewController.swift in Sources */,
				F38148442B9B149100E0151C /* taskItem.swift in Sources */,
				F35793B62B8DEDAA009F9EC4 /* AppDelegate.swift in Sources */,
				F35793B82B8DEDAA009F9EC4 /* SceneDelegate.swift in Sources */,
				F35793E62B8DF4BD009F9EC4 /* TableViewController.swift in Sources */,
			);
			runOnlyForDeploymentPostprocessing = 0;
		};
		F35793C42B8DEDAB009F9EC4 /* Sources */ = {
			isa = PBXSourcesBuildPhase;
			buildActionMask = 2147483647;
			files = (
				F35793CD2B8DEDAB009F9EC4 /* ToDoListTests.swift in Sources */,
			);
			runOnlyForDeploymentPostprocessing = 0;
		};
		F35793CE2B8DEDAB009F9EC4 /* Sources */ = {
			isa = PBXSourcesBuildPhase;
			buildActionMask = 2147483647;
			files = (
				F35793D92B8DEDAB009F9EC4 /* ToDoListUITestsLaunchTests.swift in Sources */,
				F35793D72B8DEDAB009F9EC4 /* ToDoListUITests.swift in Sources */,
			);
			runOnlyForDeploymentPostprocessing = 0;
		};
/* End PBXSourcesBuildPhase section */

/* Begin PBXTargetDependency section */
		F35793CA2B8DEDAB009F9EC4 /* PBXTargetDependency */ = {
			isa = PBXTargetDependency;
			target = F35793B12B8DEDAA009F9EC4 /* ToDoList */;
			targetProxy = F35793C92B8DEDAB009F9EC4 /* PBXContainerItemProxy */;
		};
		F35793D42B8DEDAB009F9EC4 /* PBXTargetDependency */ = {
			isa = PBXTargetDependency;
			target = F35793B12B8DEDAA009F9EC4 /* ToDoList */;
			targetProxy = F35793D32B8DEDAB009F9EC4 /* PBXContainerItemProxy */;
		};
/* End PBXTargetDependency section */

/* Begin PBXVariantGroup section */
		F35793BB2B8DEDAA009F9EC4 /* Main.storyboard */ = {
			isa = PBXVariantGroup;
			children = (
				F35793BC2B8DEDAA009F9EC4 /* Base */,
			);
			name = Main.storyboard;
			sourceTree = "<group>";
		};
		F35793C02B8DEDAB009F9EC4 /* LaunchScreen.storyboard */ = {
			isa = PBXVariantGroup;
			children = (
				F35793C12B8DEDAB009F9EC4 /* Base */,
			);
			name = LaunchScreen.storyboard;
			sourceTree = "<group>";
		};
/* End PBXVariantGroup section */

/* Begin XCBuildConfiguration section */
		F35793DA2B8DEDAB009F9EC4 /* Debug */ = {
			isa = XCBuildConfiguration;
			buildSettings = {
				ALWAYS_SEARCH_USER_PATHS = NO;
				ASSETCATALOG_COMPILER_GENERATE_SWIFT_ASSET_SYMBOL_EXTENSIONS = YES;
				CLANG_ANALYZER_NONNULL = YES;
				CLANG_ANALYZER_NUMBER_OBJECT_CONVERSION = YES_AGGRESSIVE;
				CLANG_CXX_LANGUAGE_STANDARD = "gnu++20";
				CLANG_ENABLE_MODULES = YES;
				CLANG_ENABLE_OBJC_ARC = YES;
				CLANG_ENABLE_OBJC_WEAK = YES;
				CLANG_WARN_BLOCK_CAPTURE_AUTORELEASING = YES;
				CLANG_WARN_BOOL_CONVERSION = YES;
				CLANG_WARN_COMMA = YES;
				CLANG_WARN_CONSTANT_CONVERSION = YES;
				CLANG_WARN_DEPRECATED_OBJC_IMPLEMENTATIONS = YES;
				CLANG_WARN_DIRECT_OBJC_ISA_USAGE = YES_ERROR;
				CLANG_WARN_DOCUMENTATION_COMMENTS = YES;
				CLANG_WARN_EMPTY_BODY = YES;
				CLANG_WARN_ENUM_CONVERSION = YES;
				CLANG_WARN_INFINITE_RECURSION = YES;
				CLANG_WARN_INT_CONVERSION = YES;
				CLANG_WARN_NON_LITERAL_NULL_CONVERSION = YES;
				CLANG_WARN_OBJC_IMPLICIT_RETAIN_SELF = YES;
				CLANG_WARN_OBJC_LITERAL_CONVERSION = YES;
				CLANG_WARN_OBJC_ROOT_CLASS = YES_ERROR;
				CLANG_WARN_QUOTED_INCLUDE_IN_FRAMEWORK_HEADER = YES;
				CLANG_WARN_RANGE_LOOP_ANALYSIS = YES;
				CLANG_WARN_STRICT_PROTOTYPES = YES;
				CLANG_WARN_SUSPICIOUS_MOVE = YES;
				CLANG_WARN_UNGUARDED_AVAILABILITY = YES_AGGRESSIVE;
				CLANG_WARN_UNREACHABLE_CODE = YES;
				CLANG_WARN__DUPLICATE_METHOD_MATCH = YES;
				COPY_PHASE_STRIP = NO;
				DEBUG_INFORMATION_FORMAT = dwarf;
				ENABLE_STRICT_OBJC_MSGSEND = YES;
				ENABLE_TESTABILITY = YES;
				ENABLE_USER_SCRIPT_SANDBOXING = YES;
				GCC_C_LANGUAGE_STANDARD = gnu17;
				GCC_DYNAMIC_NO_PIC = NO;
				GCC_NO_COMMON_BLOCKS = YES;
				GCC_OPTIMIZATION_LEVEL = 0;
				GCC_PREPROCESSOR_DEFINITIONS = (
					"DEBUG=1",
					"$(inherited)",
				);
				GCC_WARN_64_TO_32_BIT_CONVERSION = YES;
				GCC_WARN_ABOUT_RETURN_TYPE = YES_ERROR;
				GCC_WARN_UNDECLARED_SELECTOR = YES;
				GCC_WARN_UNINITIALIZED_AUTOS = YES_AGGRESSIVE;
				GCC_WARN_UNUSED_FUNCTION = YES;
				GCC_WARN_UNUSED_VARIABLE = YES;
				IPHONEOS_DEPLOYMENT_TARGET = 17.0;
				LOCALIZATION_PREFERS_STRING_CATALOGS = YES;
				MTL_ENABLE_DEBUG_INFO = INCLUDE_SOURCE;
				MTL_FAST_MATH = YES;
				ONLY_ACTIVE_ARCH = YES;
				SDKROOT = iphoneos;
				SWIFT_ACTIVE_COMPILATION_CONDITIONS = "DEBUG $(inherited)";
				SWIFT_OPTIMIZATION_LEVEL = "-Onone";
			};
			name = Debug;
		};
		F35793DB2B8DEDAB009F9EC4 /* Release */ = {
			isa = XCBuildConfiguration;
			buildSettings = {
				ALWAYS_SEARCH_USER_PATHS = NO;
				ASSETCATALOG_COMPILER_GENERATE_SWIFT_ASSET_SYMBOL_EXTENSIONS = YES;
				CLANG_ANALYZER_NONNULL = YES;
				CLANG_ANALYZER_NUMBER_OBJECT_CONVERSION = YES_AGGRESSIVE;
				CLANG_CXX_LANGUAGE_STANDARD = "gnu++20";
				CLANG_ENABLE_MODULES = YES;
				CLANG_ENABLE_OBJC_ARC = YES;
				CLANG_ENABLE_OBJC_WEAK = YES;
				CLANG_WARN_BLOCK_CAPTURE_AUTORELEASING = YES;
				CLANG_WARN_BOOL_CONVERSION = YES;
				CLANG_WARN_COMMA = YES;
				CLANG_WARN_CONSTANT_CONVERSION = YES;
				CLANG_WARN_DEPRECATED_OBJC_IMPLEMENTATIONS = YES;
				CLANG_WARN_DIRECT_OBJC_ISA_USAGE = YES_ERROR;
				CLANG_WARN_DOCUMENTATION_COMMENTS = YES;
				CLANG_WARN_EMPTY_BODY = YES;
				CLANG_WARN_ENUM_CONVERSION = YES;
				CLANG_WARN_INFINITE_RECURSION = YES;
				CLANG_WARN_INT_CONVERSION = YES;
				CLANG_WARN_NON_LITERAL_NULL_CONVERSION = YES;
				CLANG_WARN_OBJC_IMPLICIT_RETAIN_SELF = YES;
				CLANG_WARN_OBJC_LITERAL_CONVERSION = YES;
				CLANG_WARN_OBJC_ROOT_CLASS = YES_ERROR;
				CLANG_WARN_QUOTED_INCLUDE_IN_FRAMEWORK_HEADER = YES;
				CLANG_WARN_RANGE_LOOP_ANALYSIS = YES;
				CLANG_WARN_STRICT_PROTOTYPES = YES;
				CLANG_WARN_SUSPICIOUS_MOVE = YES;
				CLANG_WARN_UNGUARDED_AVAILABILITY = YES_AGGRESSIVE;
				CLANG_WARN_UNREACHABLE_CODE = YES;
				CLANG_WARN__DUPLICATE_METHOD_MATCH = YES;
				COPY_PHASE_STRIP = NO;
				DEBUG_INFORMATION_FORMAT = "dwarf-with-dsym";
				ENABLE_NS_ASSERTIONS = NO;
				ENABLE_STRICT_OBJC_MSGSEND = YES;
				ENABLE_USER_SCRIPT_SANDBOXING = YES;
				GCC_C_LANGUAGE_STANDARD = gnu17;
				GCC_NO_COMMON_BLOCKS = YES;
				GCC_WARN_64_TO_32_BIT_CONVERSION = YES;
				GCC_WARN_ABOUT_RETURN_TYPE = YES_ERROR;
				GCC_WARN_UNDECLARED_SELECTOR = YES;
				GCC_WARN_UNINITIALIZED_AUTOS = YES_AGGRESSIVE;
				GCC_WARN_UNUSED_FUNCTION = YES;
				GCC_WARN_UNUSED_VARIABLE = YES;
				IPHONEOS_DEPLOYMENT_TARGET = 17.0;
				LOCALIZATION_PREFERS_STRING_CATALOGS = YES;
				MTL_ENABLE_DEBUG_INFO = NO;
				MTL_FAST_MATH = YES;
				SDKROOT = iphoneos;
				SWIFT_COMPILATION_MODE = wholemodule;
				VALIDATE_PRODUCT = YES;
			};
			name = Release;
		};
		F35793DD2B8DEDAB009F9EC4 /* Debug */ = {
			isa = XCBuildConfiguration;
			buildSettings = {
				ASSETCATALOG_COMPILER_APPICON_NAME = AppIcon;
				ASSETCATALOG_COMPILER_GLOBAL_ACCENT_COLOR_NAME = AccentColor;
				CODE_SIGN_STYLE = Automatic;
				CURRENT_PROJECT_VERSION = 1;
				GENERATE_INFOPLIST_FILE = YES;
				INFOPLIST_FILE = ToDoList/Info.plist;
				INFOPLIST_KEY_UIApplicationSupportsIndirectInputEvents = YES;
				INFOPLIST_KEY_UILaunchStoryboardName = LaunchScreen;
				INFOPLIST_KEY_UIMainStoryboardFile = Main;
				INFOPLIST_KEY_UISupportedInterfaceOrientations_iPad = "UIInterfaceOrientationPortrait UIInterfaceOrientationPortraitUpsideDown UIInterfaceOrientationLandscapeLeft UIInterfaceOrientationLandscapeRight";
				INFOPLIST_KEY_UISupportedInterfaceOrientations_iPhone = "UIInterfaceOrientationPortrait UIInterfaceOrientationLandscapeLeft UIInterfaceOrientationLandscapeRight";
				LD_RUNPATH_SEARCH_PATHS = (
					"$(inherited)",
					"@executable_path/Frameworks",
				);
				MARKETING_VERSION = 1.0;
				PRODUCT_BUNDLE_IDENTIFIER = r.ToDoList;
				PRODUCT_NAME = "$(TARGET_NAME)";
				SWIFT_EMIT_LOC_STRINGS = YES;
				SWIFT_VERSION = 5.0;
				TARGETED_DEVICE_FAMILY = "1,2";
			};
			name = Debug;
		};
		F35793DE2B8DEDAB009F9EC4 /* Release */ = {
			isa = XCBuildConfiguration;
			buildSettings = {
				ASSETCATALOG_COMPILER_APPICON_NAME = AppIcon;
				ASSETCATALOG_COMPILER_GLOBAL_ACCENT_COLOR_NAME = AccentColor;
				CODE_SIGN_STYLE = Automatic;
				CURRENT_PROJECT_VERSION = 1;
				GENERATE_INFOPLIST_FILE = YES;
				INFOPLIST_FILE = ToDoList/Info.plist;
				INFOPLIST_KEY_UIApplicationSupportsIndirectInputEvents = YES;
				INFOPLIST_KEY_UILaunchStoryboardName = LaunchScreen;
				INFOPLIST_KEY_UIMainStoryboardFile = Main;
				INFOPLIST_KEY_UISupportedInterfaceOrientations_iPad = "UIInterfaceOrientationPortrait UIInterfaceOrientationPortraitUpsideDown UIInterfaceOrientationLandscapeLeft UIInterfaceOrientationLandscapeRight";
				INFOPLIST_KEY_UISupportedInterfaceOrientations_iPhone = "UIInterfaceOrientationPortrait UIInterfaceOrientationLandscapeLeft UIInterfaceOrientationLandscapeRight";
				LD_RUNPATH_SEARCH_PATHS = (
					"$(inherited)",
					"@executable_path/Frameworks",
				);
				MARKETING_VERSION = 1.0;
				PRODUCT_BUNDLE_IDENTIFIER = r.ToDoList;
				PRODUCT_NAME = "$(TARGET_NAME)";
				SWIFT_EMIT_LOC_STRINGS = YES;
				SWIFT_VERSION = 5.0;
				TARGETED_DEVICE_FAMILY = "1,2";
			};
			name = Release;
		};
		F35793E02B8DEDAB009F9EC4 /* Debug */ = {
			isa = XCBuildConfiguration;
			buildSettings = {
				ALWAYS_EMBED_SWIFT_STANDARD_LIBRARIES = YES;
				BUNDLE_LOADER = "$(TEST_HOST)";
				CODE_SIGN_STYLE = Automatic;
				CURRENT_PROJECT_VERSION = 1;
				GENERATE_INFOPLIST_FILE = YES;
				IPHONEOS_DEPLOYMENT_TARGET = 17.0;
				MARKETING_VERSION = 1.0;
				PRODUCT_BUNDLE_IDENTIFIER = r.ToDoListTests;
				PRODUCT_NAME = "$(TARGET_NAME)";
				SWIFT_EMIT_LOC_STRINGS = NO;
				SWIFT_VERSION = 5.0;
				TARGETED_DEVICE_FAMILY = "1,2";
				TEST_HOST = "$(BUILT_PRODUCTS_DIR)/ToDoList.app/$(BUNDLE_EXECUTABLE_FOLDER_PATH)/ToDoList";
			};
			name = Debug;
		};
		F35793E12B8DEDAB009F9EC4 /* Release */ = {
			isa = XCBuildConfiguration;
			buildSettings = {
				ALWAYS_EMBED_SWIFT_STANDARD_LIBRARIES = YES;
				BUNDLE_LOADER = "$(TEST_HOST)";
				CODE_SIGN_STYLE = Automatic;
				CURRENT_PROJECT_VERSION = 1;
				GENERATE_INFOPLIST_FILE = YES;
				IPHONEOS_DEPLOYMENT_TARGET = 17.0;
				MARKETING_VERSION = 1.0;
				PRODUCT_BUNDLE_IDENTIFIER = r.ToDoListTests;
				PRODUCT_NAME = "$(TARGET_NAME)";
				SWIFT_EMIT_LOC_STRINGS = NO;
				SWIFT_VERSION = 5.0;
				TARGETED_DEVICE_FAMILY = "1,2";
				TEST_HOST = "$(BUILT_PRODUCTS_DIR)/ToDoList.app/$(BUNDLE_EXECUTABLE_FOLDER_PATH)/ToDoList";
			};
			name = Release;
		};
		F35793E32B8DEDAB009F9EC4 /* Debug */ = {
			isa = XCBuildConfiguration;
			buildSettings = {
				ALWAYS_EMBED_SWIFT_STANDARD_LIBRARIES = YES;
				CODE_SIGN_STYLE = Automatic;
				CURRENT_PROJECT_VERSION = 1;
				GENERATE_INFOPLIST_FILE = YES;
				MARKETING_VERSION = 1.0;
				PRODUCT_BUNDLE_IDENTIFIER = r.ToDoListUITests;
				PRODUCT_NAME = "$(TARGET_NAME)";
				SWIFT_EMIT_LOC_STRINGS = NO;
				SWIFT_VERSION = 5.0;
				TARGETED_DEVICE_FAMILY = "1,2";
				TEST_TARGET_NAME = ToDoList;
			};
			name = Debug;
		};
		F35793E42B8DEDAB009F9EC4 /* Release */ = {
			isa = XCBuildConfiguration;
			buildSettings = {
				ALWAYS_EMBED_SWIFT_STANDARD_LIBRARIES = YES;
				CODE_SIGN_STYLE = Automatic;
				CURRENT_PROJECT_VERSION = 1;
				GENERATE_INFOPLIST_FILE = YES;
				MARKETING_VERSION = 1.0;
				PRODUCT_BUNDLE_IDENTIFIER = r.ToDoListUITests;
				PRODUCT_NAME = "$(TARGET_NAME)";
				SWIFT_EMIT_LOC_STRINGS = NO;
				SWIFT_VERSION = 5.0;
				TARGETED_DEVICE_FAMILY = "1,2";
				TEST_TARGET_NAME = ToDoList;
			};
			name = Release;
		};
/* End XCBuildConfiguration section */

/* Begin XCConfigurationList section */
		F35793AD2B8DEDAA009F9EC4 /* Build configuration list for PBXProject "ToDoList" */ = {
			isa = XCConfigurationList;
			buildConfigurations = (
				F35793DA2B8DEDAB009F9EC4 /* Debug */,
				F35793DB2B8DEDAB009F9EC4 /* Release */,
			);
			defaultConfigurationIsVisible = 0;
			defaultConfigurationName = Release;
		};
		F35793DC2B8DEDAB009F9EC4 /* Build configuration list for PBXNativeTarget "ToDoList" */ = {
			isa = XCConfigurationList;
			buildConfigurations = (
				F35793DD2B8DEDAB009F9EC4 /* Debug */,
				F35793DE2B8DEDAB009F9EC4 /* Release */,
			);
			defaultConfigurationIsVisible = 0;
			defaultConfigurationName = Release;
		};
		F35793DF2B8DEDAB009F9EC4 /* Build configuration list for PBXNativeTarget "ToDoListTests" */ = {
			isa = XCConfigurationList;
			buildConfigurations = (
				F35793E02B8DEDAB009F9EC4 /* Debug */,
				F35793E12B8DEDAB009F9EC4 /* Release */,
			);
			defaultConfigurationIsVisible = 0;
			defaultConfigurationName = Release;
		};
		F35793E22B8DEDAB009F9EC4 /* Build configuration list for PBXNativeTarget "ToDoListUITests" */ = {
			isa = XCConfigurationList;
			buildConfigurations = (
				F35793E32B8DEDAB009F9EC4 /* Debug */,
				F35793E42B8DEDAB009F9EC4 /* Release */,
			);
			defaultConfigurationIsVisible = 0;
			defaultConfigurationName = Release;
		};
/* End XCConfigurationList section */
	};
	rootObject = F35793AA2B8DEDAA009F9EC4 /* Project object */;
}
